
Microsoft Visual Studio Solution File, Format Version 12.00
# Visual Studio Version 17
VisualStudioVersion = 17.2.32616.157
MinimumVisualStudioVersion = 10.0.40219.1
Project("{9A19103F-16F7-4668-BE54-9A1E7A4F7556}") = "JukaWebAssembly", "JukaWebAssembly.csproj", "{3101A30D-6A7C-4952-8AE4-863DF5E58B5C}"
EndProject
Global
	GlobalSection(SolutionConfigurationPlatforms) = preSolution
		Debug|Any CPU = Debug|Any CPU
		Release|Any CPU = Release|Any CPU
	EndGlobalSection
	GlobalSection(ProjectConfigurationPlatforms) = postSolution
		{3101A30D-6A7C-4952-8AE4-863DF5E58B5C}.Debug|Any CPU.ActiveCfg = Debug|Any CPU
		{3101A30D-6A7C-4952-8AE4-863DF5E58B5C}.Debug|Any CPU.Build.0 = Debug|Any CPU
		{3101A30D-6A7C-4952-8AE4-863DF5E58B5C}.Release|Any CPU.ActiveCfg = Release|Any CPU
		{3101A30D-6A7C-4952-8AE4-863DF5E58B5C}.Release|Any CPU.Build.0 = Release|Any CPU
	EndGlobalSection
	GlobalSection(SolutionProperties) = preSolution
		HideSolutionNode = FALSE
	EndGlobalSection
	GlobalSection(ExtensibilityGlobals) = postSolution
		SolutionGuid = {E2794F65-1847-4783-81F4-C99C27715626}
	EndGlobalSection
EndGlobal
