
Microsoft Visual Studio Solution File, Format Version 12.00
# Visual Studio 15
VisualStudioVersion = 15.0.27130.2020
MinimumVisualStudioVersion = 10.0.40219.1
Project("{9A19103F-16F7-4668-BE54-9A1E7A4F7556}") = "dreamCompiler", "dreamCompiler\dreamCompiler.csproj", "{76CE3899-E8D5-431F-9F7E-4731249B4D27}"
EndProject
Global
	GlobalSection(SolutionConfigurationPlatforms) = preSolution
		Debug|Any CPU = Debug|Any CPU
		Release|Any CPU = Release|Any CPU
	EndGlobalSection
	GlobalSection(ProjectConfigurationPlatforms) = postSolution
		{76CE3899-E8D5-431F-9F7E-4731249B4D27}.Debug|Any CPU.ActiveCfg = Debug|Any CPU
		{76CE3899-E8D5-431F-9F7E-4731249B4D27}.Debug|Any CPU.Build.0 = Debug|Any CPU
		{76CE3899-E8D5-431F-9F7E-4731249B4D27}.Release|Any CPU.ActiveCfg = Release|Any CPU
		{76CE3899-E8D5-431F-9F7E-4731249B4D27}.Release|Any CPU.Build.0 = Release|Any CPU
	EndGlobalSection
	GlobalSection(SolutionProperties) = preSolution
		HideSolutionNode = FALSE
	EndGlobalSection
	GlobalSection(ExtensibilityGlobals) = postSolution
		SolutionGuid = {A2BDAA5C-F6D7-4815-8BFD-898CF716D575}
	EndGlobalSection
EndGlobal
