
Microsoft Visual Studio Solution File, Format Version 12.00
# Visual Studio 15
VisualStudioVersion = 15.0.27428.2037
MinimumVisualStudioVersion = 10.0.40219.1
Project("{FAE04EC0-301F-11D3-BF4B-00C04F79EFBC}") = "DreamCompiler", "DreamCompiler.csproj", "{C6C15D26-01CC-4877-9D4F-5EE89E1FE5EC}"
EndProject
Project("{FAE04EC0-301F-11D3-BF4B-00C04F79EFBC}") = "DreamCompilerUnitTest", "..\DreamCompilerUnitTest\DreamCompilerUnitTest.csproj", "{C6D1F715-EC55-4D09-B19A-14AC18B66FED}"
EndProject
Global
	GlobalSection(SolutionConfigurationPlatforms) = preSolution
		Debug|Any CPU = Debug|Any CPU
		Release|Any CPU = Release|Any CPU
	EndGlobalSection
	GlobalSection(ProjectConfigurationPlatforms) = postSolution
		{C6C15D26-01CC-4877-9D4F-5EE89E1FE5EC}.Debug|Any CPU.ActiveCfg = Debug|Any CPU
		{C6C15D26-01CC-4877-9D4F-5EE89E1FE5EC}.Debug|Any CPU.Build.0 = Debug|Any CPU
		{C6C15D26-01CC-4877-9D4F-5EE89E1FE5EC}.Release|Any CPU.ActiveCfg = Release|Any CPU
		{C6C15D26-01CC-4877-9D4F-5EE89E1FE5EC}.Release|Any CPU.Build.0 = Release|Any CPU
		{C6D1F715-EC55-4D09-B19A-14AC18B66FED}.Debug|Any CPU.ActiveCfg = Debug|Any CPU
		{C6D1F715-EC55-4D09-B19A-14AC18B66FED}.Debug|Any CPU.Build.0 = Debug|Any CPU
		{C6D1F715-EC55-4D09-B19A-14AC18B66FED}.Release|Any CPU.ActiveCfg = Release|Any CPU
		{C6D1F715-EC55-4D09-B19A-14AC18B66FED}.Release|Any CPU.Build.0 = Release|Any CPU
	EndGlobalSection
	GlobalSection(SolutionProperties) = preSolution
		HideSolutionNode = FALSE
	EndGlobalSection
	GlobalSection(ExtensibilityGlobals) = postSolution
		SolutionGuid = {3ED04D58-3097-49E9-8C28-FE50E9380FDD}
	EndGlobalSection
EndGlobal
