
Microsoft Visual Studio Solution File, Format Version 12.00
# Visual Studio Version 16
VisualStudioVersion = 16.0.29025.244
MinimumVisualStudioVersion = 10.0.40219.1
Project("{FAE04EC0-301F-11D3-BF4B-00C04F79EFBC}") = "DreamUnitTest", "DreamUnitTest\DreamUnitTest.csproj", "{340210D3-8339-4AB0-861E-F9E3493CCB80}"
EndProject
Project("{FAE04EC0-301F-11D3-BF4B-00C04F79EFBC}") = "DreamCompiler", "DreamCompiler\DreamCompiler.csproj", "{C6C15D26-01CC-4877-9D4F-5EE89E1FE5EC}"
EndProject
Project("{9A19103F-16F7-4668-BE54-9A1E7A4F7556}") = "Juka", "Juka\Juka.csproj", "{AE8A7059-8F21-41B2-BD8F-36D58E1F8330}"
EndProject
Global
	GlobalSection(SolutionConfigurationPlatforms) = preSolution
		Debug|Any CPU = Debug|Any CPU
		Debug|x64 = Debug|x64
		Release|Any CPU = Release|Any CPU
		Release|x64 = Release|x64
	EndGlobalSection
	GlobalSection(ProjectConfigurationPlatforms) = postSolution
		{340210D3-8339-4AB0-861E-F9E3493CCB80}.Debug|Any CPU.ActiveCfg = Debug|Any CPU
		{340210D3-8339-4AB0-861E-F9E3493CCB80}.Debug|Any CPU.Build.0 = Debug|Any CPU
		{340210D3-8339-4AB0-861E-F9E3493CCB80}.Debug|x64.ActiveCfg = Debug|Any CPU
		{340210D3-8339-4AB0-861E-F9E3493CCB80}.Debug|x64.Build.0 = Debug|Any CPU
		{340210D3-8339-4AB0-861E-F9E3493CCB80}.Release|Any CPU.ActiveCfg = Release|Any CPU
		{340210D3-8339-4AB0-861E-F9E3493CCB80}.Release|Any CPU.Build.0 = Release|Any CPU
		{340210D3-8339-4AB0-861E-F9E3493CCB80}.Release|x64.ActiveCfg = Release|Any CPU
		{340210D3-8339-4AB0-861E-F9E3493CCB80}.Release|x64.Build.0 = Release|Any CPU
		{C6C15D26-01CC-4877-9D4F-5EE89E1FE5EC}.Debug|Any CPU.ActiveCfg = Debug|Any CPU
		{C6C15D26-01CC-4877-9D4F-5EE89E1FE5EC}.Debug|Any CPU.Build.0 = Debug|Any CPU
		{C6C15D26-01CC-4877-9D4F-5EE89E1FE5EC}.Debug|x64.ActiveCfg = Debug|Any CPU
		{C6C15D26-01CC-4877-9D4F-5EE89E1FE5EC}.Debug|x64.Build.0 = Debug|Any CPU
		{C6C15D26-01CC-4877-9D4F-5EE89E1FE5EC}.Release|Any CPU.ActiveCfg = Release|Any CPU
		{C6C15D26-01CC-4877-9D4F-5EE89E1FE5EC}.Release|Any CPU.Build.0 = Release|Any CPU
		{C6C15D26-01CC-4877-9D4F-5EE89E1FE5EC}.Release|x64.ActiveCfg = Release|Any CPU
		{C6C15D26-01CC-4877-9D4F-5EE89E1FE5EC}.Release|x64.Build.0 = Release|Any CPU
		{AE8A7059-8F21-41B2-BD8F-36D58E1F8330}.Debug|Any CPU.ActiveCfg = Debug|Any CPU
		{AE8A7059-8F21-41B2-BD8F-36D58E1F8330}.Debug|Any CPU.Build.0 = Debug|Any CPU
		{AE8A7059-8F21-41B2-BD8F-36D58E1F8330}.Debug|x64.ActiveCfg = Debug|Any CPU
		{AE8A7059-8F21-41B2-BD8F-36D58E1F8330}.Debug|x64.Build.0 = Debug|Any CPU
		{AE8A7059-8F21-41B2-BD8F-36D58E1F8330}.Release|Any CPU.ActiveCfg = Release|Any CPU
		{AE8A7059-8F21-41B2-BD8F-36D58E1F8330}.Release|Any CPU.Build.0 = Release|Any CPU
		{AE8A7059-8F21-41B2-BD8F-36D58E1F8330}.Release|x64.ActiveCfg = Release|Any CPU
		{AE8A7059-8F21-41B2-BD8F-36D58E1F8330}.Release|x64.Build.0 = Release|Any CPU
	EndGlobalSection
	GlobalSection(SolutionProperties) = preSolution
		HideSolutionNode = FALSE
	EndGlobalSection
	GlobalSection(ExtensibilityGlobals) = postSolution
		SolutionGuid = {7FB136E0-7088-436F-ADA4-DB6B543FAEC7}
	EndGlobalSection
EndGlobal
