
Microsoft Visual Studio Solution File, Format Version 12.00
# Visual Studio 15
VisualStudioVersion = 15.0.27130.2024
MinimumVisualStudioVersion = 10.0.40219.1
Project("{FAE04EC0-301F-11D3-BF4B-00C04F79EFBC}") = "DReAMLegacy", "DReAMLegacy\DReAMLegacy.csproj", "{CE92C3D8-B3C7-493B-8475-88FEE8FFC7AC}"
EndProject
Project("{FAE04EC0-301F-11D3-BF4B-00C04F79EFBC}") = "DReAMCompiler", "DReAMCompiler\DReAMCompiler.csproj", "{C6C15D26-01CC-4877-9D4F-5EE89E1FE5EC}"
EndProject
Project("{FAE04EC0-301F-11D3-BF4B-00C04F79EFBC}") = "DReAMUnitTest", "DReAMUnitTest\DReAMUnitTest.csproj", "{340210D3-8339-4AB0-861E-F9E3493CCB80}"
EndProject
Project("{FAE04EC0-301F-11D3-BF4B-00C04F79EFBC}") = "DReAM.Android", "DReAM\DReAM.Android\DReAM.Android.csproj", "{0B9C9700-1196-43DA-A0D6-C2BEDFDC06F1}"
EndProject
Project("{FAE04EC0-301F-11D3-BF4B-00C04F79EFBC}") = "DReAM.iOS", "DReAM\DReAM.iOS\DReAM.iOS.csproj", "{9CE21CEC-201C-45D0-AEAA-C589D916D831}"
EndProject
Project("{FAE04EC0-301F-11D3-BF4B-00C04F79EFBC}") = "DReAM.UWP", "DReAM\DReAM.UWP\DReAM.UWP.csproj", "{B7CBE391-2BBB-4A29-9776-22ECD604AB47}"
EndProject
Project("{FAE04EC0-301F-11D3-BF4B-00C04F79EFBC}") = "DReAM", "DReAM\DReAM\DReAM.csproj", "{0E96024E-27BD-4722-9962-AA8C3D3E6B14}"
EndProject
Global
	GlobalSection(SolutionConfigurationPlatforms) = preSolution
		Ad-Hoc|Any CPU = Ad-Hoc|Any CPU
		Ad-Hoc|ARM = Ad-Hoc|ARM
		Ad-Hoc|iPhone = Ad-Hoc|iPhone
		Ad-Hoc|iPhoneSimulator = Ad-Hoc|iPhoneSimulator
		Ad-Hoc|x64 = Ad-Hoc|x64
		Ad-Hoc|x86 = Ad-Hoc|x86
		AppStore|Any CPU = AppStore|Any CPU
		AppStore|ARM = AppStore|ARM
		AppStore|iPhone = AppStore|iPhone
		AppStore|iPhoneSimulator = AppStore|iPhoneSimulator
		AppStore|x64 = AppStore|x64
		AppStore|x86 = AppStore|x86
		Debug|Any CPU = Debug|Any CPU
		Debug|ARM = Debug|ARM
		Debug|iPhone = Debug|iPhone
		Debug|iPhoneSimulator = Debug|iPhoneSimulator
		Debug|x64 = Debug|x64
		Debug|x86 = Debug|x86
		Release|Any CPU = Release|Any CPU
		Release|ARM = Release|ARM
		Release|iPhone = Release|iPhone
		Release|iPhoneSimulator = Release|iPhoneSimulator
		Release|x64 = Release|x64
		Release|x86 = Release|x86
	EndGlobalSection
	GlobalSection(ProjectConfigurationPlatforms) = postSolution
		{CE92C3D8-B3C7-493B-8475-88FEE8FFC7AC}.Ad-Hoc|Any CPU.ActiveCfg = Release|Any CPU
		{CE92C3D8-B3C7-493B-8475-88FEE8FFC7AC}.Ad-Hoc|Any CPU.Build.0 = Release|Any CPU
		{CE92C3D8-B3C7-493B-8475-88FEE8FFC7AC}.Ad-Hoc|ARM.ActiveCfg = Release|Any CPU
		{CE92C3D8-B3C7-493B-8475-88FEE8FFC7AC}.Ad-Hoc|ARM.Build.0 = Release|Any CPU
		{CE92C3D8-B3C7-493B-8475-88FEE8FFC7AC}.Ad-Hoc|iPhone.ActiveCfg = Release|Any CPU
		{CE92C3D8-B3C7-493B-8475-88FEE8FFC7AC}.Ad-Hoc|iPhone.Build.0 = Release|Any CPU
		{CE92C3D8-B3C7-493B-8475-88FEE8FFC7AC}.Ad-Hoc|iPhoneSimulator.ActiveCfg = Release|Any CPU
		{CE92C3D8-B3C7-493B-8475-88FEE8FFC7AC}.Ad-Hoc|iPhoneSimulator.Build.0 = Release|Any CPU
		{CE92C3D8-B3C7-493B-8475-88FEE8FFC7AC}.Ad-Hoc|x64.ActiveCfg = Release|Any CPU
		{CE92C3D8-B3C7-493B-8475-88FEE8FFC7AC}.Ad-Hoc|x64.Build.0 = Release|Any CPU
		{CE92C3D8-B3C7-493B-8475-88FEE8FFC7AC}.Ad-Hoc|x86.ActiveCfg = Release|Any CPU
		{CE92C3D8-B3C7-493B-8475-88FEE8FFC7AC}.Ad-Hoc|x86.Build.0 = Release|Any CPU
		{CE92C3D8-B3C7-493B-8475-88FEE8FFC7AC}.AppStore|Any CPU.ActiveCfg = Release|Any CPU
		{CE92C3D8-B3C7-493B-8475-88FEE8FFC7AC}.AppStore|Any CPU.Build.0 = Release|Any CPU
		{CE92C3D8-B3C7-493B-8475-88FEE8FFC7AC}.AppStore|ARM.ActiveCfg = Release|Any CPU
		{CE92C3D8-B3C7-493B-8475-88FEE8FFC7AC}.AppStore|ARM.Build.0 = Release|Any CPU
		{CE92C3D8-B3C7-493B-8475-88FEE8FFC7AC}.AppStore|iPhone.ActiveCfg = Release|Any CPU
		{CE92C3D8-B3C7-493B-8475-88FEE8FFC7AC}.AppStore|iPhone.Build.0 = Release|Any CPU
		{CE92C3D8-B3C7-493B-8475-88FEE8FFC7AC}.AppStore|iPhoneSimulator.ActiveCfg = Release|Any CPU
		{CE92C3D8-B3C7-493B-8475-88FEE8FFC7AC}.AppStore|iPhoneSimulator.Build.0 = Release|Any CPU
		{CE92C3D8-B3C7-493B-8475-88FEE8FFC7AC}.AppStore|x64.ActiveCfg = Release|Any CPU
		{CE92C3D8-B3C7-493B-8475-88FEE8FFC7AC}.AppStore|x64.Build.0 = Release|Any CPU
		{CE92C3D8-B3C7-493B-8475-88FEE8FFC7AC}.AppStore|x86.ActiveCfg = Release|Any CPU
		{CE92C3D8-B3C7-493B-8475-88FEE8FFC7AC}.AppStore|x86.Build.0 = Release|Any CPU
		{CE92C3D8-B3C7-493B-8475-88FEE8FFC7AC}.Debug|Any CPU.ActiveCfg = Debug|Any CPU
		{CE92C3D8-B3C7-493B-8475-88FEE8FFC7AC}.Debug|Any CPU.Build.0 = Debug|Any CPU
		{CE92C3D8-B3C7-493B-8475-88FEE8FFC7AC}.Debug|ARM.ActiveCfg = Debug|Any CPU
		{CE92C3D8-B3C7-493B-8475-88FEE8FFC7AC}.Debug|ARM.Build.0 = Debug|Any CPU
		{CE92C3D8-B3C7-493B-8475-88FEE8FFC7AC}.Debug|iPhone.ActiveCfg = Debug|Any CPU
		{CE92C3D8-B3C7-493B-8475-88FEE8FFC7AC}.Debug|iPhone.Build.0 = Debug|Any CPU
		{CE92C3D8-B3C7-493B-8475-88FEE8FFC7AC}.Debug|iPhoneSimulator.ActiveCfg = Debug|Any CPU
		{CE92C3D8-B3C7-493B-8475-88FEE8FFC7AC}.Debug|iPhoneSimulator.Build.0 = Debug|Any CPU
		{CE92C3D8-B3C7-493B-8475-88FEE8FFC7AC}.Debug|x64.ActiveCfg = Debug|Any CPU
		{CE92C3D8-B3C7-493B-8475-88FEE8FFC7AC}.Debug|x64.Build.0 = Debug|Any CPU
		{CE92C3D8-B3C7-493B-8475-88FEE8FFC7AC}.Debug|x86.ActiveCfg = Debug|Any CPU
		{CE92C3D8-B3C7-493B-8475-88FEE8FFC7AC}.Debug|x86.Build.0 = Debug|Any CPU
		{CE92C3D8-B3C7-493B-8475-88FEE8FFC7AC}.Release|Any CPU.ActiveCfg = Release|Any CPU
		{CE92C3D8-B3C7-493B-8475-88FEE8FFC7AC}.Release|Any CPU.Build.0 = Release|Any CPU
		{CE92C3D8-B3C7-493B-8475-88FEE8FFC7AC}.Release|ARM.ActiveCfg = Release|Any CPU
		{CE92C3D8-B3C7-493B-8475-88FEE8FFC7AC}.Release|ARM.Build.0 = Release|Any CPU
		{CE92C3D8-B3C7-493B-8475-88FEE8FFC7AC}.Release|iPhone.ActiveCfg = Release|Any CPU
		{CE92C3D8-B3C7-493B-8475-88FEE8FFC7AC}.Release|iPhone.Build.0 = Release|Any CPU
		{CE92C3D8-B3C7-493B-8475-88FEE8FFC7AC}.Release|iPhoneSimulator.ActiveCfg = Release|Any CPU
		{CE92C3D8-B3C7-493B-8475-88FEE8FFC7AC}.Release|iPhoneSimulator.Build.0 = Release|Any CPU
		{CE92C3D8-B3C7-493B-8475-88FEE8FFC7AC}.Release|x64.ActiveCfg = Release|Any CPU
		{CE92C3D8-B3C7-493B-8475-88FEE8FFC7AC}.Release|x64.Build.0 = Release|Any CPU
		{CE92C3D8-B3C7-493B-8475-88FEE8FFC7AC}.Release|x86.ActiveCfg = Release|Any CPU
		{CE92C3D8-B3C7-493B-8475-88FEE8FFC7AC}.Release|x86.Build.0 = Release|Any CPU
		{C6C15D26-01CC-4877-9D4F-5EE89E1FE5EC}.Ad-Hoc|Any CPU.ActiveCfg = Release|Any CPU
		{C6C15D26-01CC-4877-9D4F-5EE89E1FE5EC}.Ad-Hoc|Any CPU.Build.0 = Release|Any CPU
		{C6C15D26-01CC-4877-9D4F-5EE89E1FE5EC}.Ad-Hoc|ARM.ActiveCfg = Release|Any CPU
		{C6C15D26-01CC-4877-9D4F-5EE89E1FE5EC}.Ad-Hoc|ARM.Build.0 = Release|Any CPU
		{C6C15D26-01CC-4877-9D4F-5EE89E1FE5EC}.Ad-Hoc|iPhone.ActiveCfg = Release|Any CPU
		{C6C15D26-01CC-4877-9D4F-5EE89E1FE5EC}.Ad-Hoc|iPhone.Build.0 = Release|Any CPU
		{C6C15D26-01CC-4877-9D4F-5EE89E1FE5EC}.Ad-Hoc|iPhoneSimulator.ActiveCfg = Release|Any CPU
		{C6C15D26-01CC-4877-9D4F-5EE89E1FE5EC}.Ad-Hoc|iPhoneSimulator.Build.0 = Release|Any CPU
		{C6C15D26-01CC-4877-9D4F-5EE89E1FE5EC}.Ad-Hoc|x64.ActiveCfg = Release|Any CPU
		{C6C15D26-01CC-4877-9D4F-5EE89E1FE5EC}.Ad-Hoc|x64.Build.0 = Release|Any CPU
		{C6C15D26-01CC-4877-9D4F-5EE89E1FE5EC}.Ad-Hoc|x86.ActiveCfg = Release|Any CPU
		{C6C15D26-01CC-4877-9D4F-5EE89E1FE5EC}.Ad-Hoc|x86.Build.0 = Release|Any CPU
		{C6C15D26-01CC-4877-9D4F-5EE89E1FE5EC}.AppStore|Any CPU.ActiveCfg = Release|Any CPU
		{C6C15D26-01CC-4877-9D4F-5EE89E1FE5EC}.AppStore|Any CPU.Build.0 = Release|Any CPU
		{C6C15D26-01CC-4877-9D4F-5EE89E1FE5EC}.AppStore|ARM.ActiveCfg = Release|Any CPU
		{C6C15D26-01CC-4877-9D4F-5EE89E1FE5EC}.AppStore|ARM.Build.0 = Release|Any CPU
		{C6C15D26-01CC-4877-9D4F-5EE89E1FE5EC}.AppStore|iPhone.ActiveCfg = Release|Any CPU
		{C6C15D26-01CC-4877-9D4F-5EE89E1FE5EC}.AppStore|iPhone.Build.0 = Release|Any CPU
		{C6C15D26-01CC-4877-9D4F-5EE89E1FE5EC}.AppStore|iPhoneSimulator.ActiveCfg = Release|Any CPU
		{C6C15D26-01CC-4877-9D4F-5EE89E1FE5EC}.AppStore|iPhoneSimulator.Build.0 = Release|Any CPU
		{C6C15D26-01CC-4877-9D4F-5EE89E1FE5EC}.AppStore|x64.ActiveCfg = Release|Any CPU
		{C6C15D26-01CC-4877-9D4F-5EE89E1FE5EC}.AppStore|x64.Build.0 = Release|Any CPU
		{C6C15D26-01CC-4877-9D4F-5EE89E1FE5EC}.AppStore|x86.ActiveCfg = Release|Any CPU
		{C6C15D26-01CC-4877-9D4F-5EE89E1FE5EC}.AppStore|x86.Build.0 = Release|Any CPU
		{C6C15D26-01CC-4877-9D4F-5EE89E1FE5EC}.Debug|Any CPU.ActiveCfg = Debug|Any CPU
		{C6C15D26-01CC-4877-9D4F-5EE89E1FE5EC}.Debug|Any CPU.Build.0 = Debug|Any CPU
		{C6C15D26-01CC-4877-9D4F-5EE89E1FE5EC}.Debug|ARM.ActiveCfg = Debug|Any CPU
		{C6C15D26-01CC-4877-9D4F-5EE89E1FE5EC}.Debug|ARM.Build.0 = Debug|Any CPU
		{C6C15D26-01CC-4877-9D4F-5EE89E1FE5EC}.Debug|iPhone.ActiveCfg = Debug|Any CPU
		{C6C15D26-01CC-4877-9D4F-5EE89E1FE5EC}.Debug|iPhone.Build.0 = Debug|Any CPU
		{C6C15D26-01CC-4877-9D4F-5EE89E1FE5EC}.Debug|iPhoneSimulator.ActiveCfg = Debug|Any CPU
		{C6C15D26-01CC-4877-9D4F-5EE89E1FE5EC}.Debug|iPhoneSimulator.Build.0 = Debug|Any CPU
		{C6C15D26-01CC-4877-9D4F-5EE89E1FE5EC}.Debug|x64.ActiveCfg = Debug|Any CPU
		{C6C15D26-01CC-4877-9D4F-5EE89E1FE5EC}.Debug|x64.Build.0 = Debug|Any CPU
		{C6C15D26-01CC-4877-9D4F-5EE89E1FE5EC}.Debug|x86.ActiveCfg = Debug|Any CPU
		{C6C15D26-01CC-4877-9D4F-5EE89E1FE5EC}.Debug|x86.Build.0 = Debug|Any CPU
		{C6C15D26-01CC-4877-9D4F-5EE89E1FE5EC}.Release|Any CPU.ActiveCfg = Release|Any CPU
		{C6C15D26-01CC-4877-9D4F-5EE89E1FE5EC}.Release|Any CPU.Build.0 = Release|Any CPU
		{C6C15D26-01CC-4877-9D4F-5EE89E1FE5EC}.Release|ARM.ActiveCfg = Release|Any CPU
		{C6C15D26-01CC-4877-9D4F-5EE89E1FE5EC}.Release|ARM.Build.0 = Release|Any CPU
		{C6C15D26-01CC-4877-9D4F-5EE89E1FE5EC}.Release|iPhone.ActiveCfg = Release|Any CPU
		{C6C15D26-01CC-4877-9D4F-5EE89E1FE5EC}.Release|iPhone.Build.0 = Release|Any CPU
		{C6C15D26-01CC-4877-9D4F-5EE89E1FE5EC}.Release|iPhoneSimulator.ActiveCfg = Release|Any CPU
		{C6C15D26-01CC-4877-9D4F-5EE89E1FE5EC}.Release|iPhoneSimulator.Build.0 = Release|Any CPU
		{C6C15D26-01CC-4877-9D4F-5EE89E1FE5EC}.Release|x64.ActiveCfg = Release|Any CPU
		{C6C15D26-01CC-4877-9D4F-5EE89E1FE5EC}.Release|x64.Build.0 = Release|Any CPU
		{C6C15D26-01CC-4877-9D4F-5EE89E1FE5EC}.Release|x86.ActiveCfg = Release|Any CPU
		{C6C15D26-01CC-4877-9D4F-5EE89E1FE5EC}.Release|x86.Build.0 = Release|Any CPU
		{340210D3-8339-4AB0-861E-F9E3493CCB80}.Ad-Hoc|Any CPU.ActiveCfg = Release|Any CPU
		{340210D3-8339-4AB0-861E-F9E3493CCB80}.Ad-Hoc|Any CPU.Build.0 = Release|Any CPU
		{340210D3-8339-4AB0-861E-F9E3493CCB80}.Ad-Hoc|ARM.ActiveCfg = Release|Any CPU
		{340210D3-8339-4AB0-861E-F9E3493CCB80}.Ad-Hoc|ARM.Build.0 = Release|Any CPU
		{340210D3-8339-4AB0-861E-F9E3493CCB80}.Ad-Hoc|iPhone.ActiveCfg = Release|Any CPU
		{340210D3-8339-4AB0-861E-F9E3493CCB80}.Ad-Hoc|iPhone.Build.0 = Release|Any CPU
		{340210D3-8339-4AB0-861E-F9E3493CCB80}.Ad-Hoc|iPhoneSimulator.ActiveCfg = Release|Any CPU
		{340210D3-8339-4AB0-861E-F9E3493CCB80}.Ad-Hoc|iPhoneSimulator.Build.0 = Release|Any CPU
		{340210D3-8339-4AB0-861E-F9E3493CCB80}.Ad-Hoc|x64.ActiveCfg = Release|Any CPU
		{340210D3-8339-4AB0-861E-F9E3493CCB80}.Ad-Hoc|x64.Build.0 = Release|Any CPU
		{340210D3-8339-4AB0-861E-F9E3493CCB80}.Ad-Hoc|x86.ActiveCfg = Release|Any CPU
		{340210D3-8339-4AB0-861E-F9E3493CCB80}.Ad-Hoc|x86.Build.0 = Release|Any CPU
		{340210D3-8339-4AB0-861E-F9E3493CCB80}.AppStore|Any CPU.ActiveCfg = Release|Any CPU
		{340210D3-8339-4AB0-861E-F9E3493CCB80}.AppStore|Any CPU.Build.0 = Release|Any CPU
		{340210D3-8339-4AB0-861E-F9E3493CCB80}.AppStore|ARM.ActiveCfg = Release|Any CPU
		{340210D3-8339-4AB0-861E-F9E3493CCB80}.AppStore|ARM.Build.0 = Release|Any CPU
		{340210D3-8339-4AB0-861E-F9E3493CCB80}.AppStore|iPhone.ActiveCfg = Release|Any CPU
		{340210D3-8339-4AB0-861E-F9E3493CCB80}.AppStore|iPhone.Build.0 = Release|Any CPU
		{340210D3-8339-4AB0-861E-F9E3493CCB80}.AppStore|iPhoneSimulator.ActiveCfg = Release|Any CPU
		{340210D3-8339-4AB0-861E-F9E3493CCB80}.AppStore|iPhoneSimulator.Build.0 = Release|Any CPU
		{340210D3-8339-4AB0-861E-F9E3493CCB80}.AppStore|x64.ActiveCfg = Release|Any CPU
		{340210D3-8339-4AB0-861E-F9E3493CCB80}.AppStore|x64.Build.0 = Release|Any CPU
		{340210D3-8339-4AB0-861E-F9E3493CCB80}.AppStore|x86.ActiveCfg = Release|Any CPU
		{340210D3-8339-4AB0-861E-F9E3493CCB80}.AppStore|x86.Build.0 = Release|Any CPU
		{340210D3-8339-4AB0-861E-F9E3493CCB80}.Debug|Any CPU.ActiveCfg = Debug|Any CPU
		{340210D3-8339-4AB0-861E-F9E3493CCB80}.Debug|Any CPU.Build.0 = Debug|Any CPU
		{340210D3-8339-4AB0-861E-F9E3493CCB80}.Debug|ARM.ActiveCfg = Debug|Any CPU
		{340210D3-8339-4AB0-861E-F9E3493CCB80}.Debug|ARM.Build.0 = Debug|Any CPU
		{340210D3-8339-4AB0-861E-F9E3493CCB80}.Debug|iPhone.ActiveCfg = Debug|Any CPU
		{340210D3-8339-4AB0-861E-F9E3493CCB80}.Debug|iPhone.Build.0 = Debug|Any CPU
		{340210D3-8339-4AB0-861E-F9E3493CCB80}.Debug|iPhoneSimulator.ActiveCfg = Debug|Any CPU
		{340210D3-8339-4AB0-861E-F9E3493CCB80}.Debug|iPhoneSimulator.Build.0 = Debug|Any CPU
		{340210D3-8339-4AB0-861E-F9E3493CCB80}.Debug|x64.ActiveCfg = Debug|Any CPU
		{340210D3-8339-4AB0-861E-F9E3493CCB80}.Debug|x64.Build.0 = Debug|Any CPU
		{340210D3-8339-4AB0-861E-F9E3493CCB80}.Debug|x86.ActiveCfg = Debug|Any CPU
		{340210D3-8339-4AB0-861E-F9E3493CCB80}.Debug|x86.Build.0 = Debug|Any CPU
		{340210D3-8339-4AB0-861E-F9E3493CCB80}.Release|Any CPU.ActiveCfg = Release|Any CPU
		{340210D3-8339-4AB0-861E-F9E3493CCB80}.Release|Any CPU.Build.0 = Release|Any CPU
		{340210D3-8339-4AB0-861E-F9E3493CCB80}.Release|ARM.ActiveCfg = Release|Any CPU
		{340210D3-8339-4AB0-861E-F9E3493CCB80}.Release|ARM.Build.0 = Release|Any CPU
		{340210D3-8339-4AB0-861E-F9E3493CCB80}.Release|iPhone.ActiveCfg = Release|Any CPU
		{340210D3-8339-4AB0-861E-F9E3493CCB80}.Release|iPhone.Build.0 = Release|Any CPU
		{340210D3-8339-4AB0-861E-F9E3493CCB80}.Release|iPhoneSimulator.ActiveCfg = Release|Any CPU
		{340210D3-8339-4AB0-861E-F9E3493CCB80}.Release|iPhoneSimulator.Build.0 = Release|Any CPU
		{340210D3-8339-4AB0-861E-F9E3493CCB80}.Release|x64.ActiveCfg = Release|Any CPU
		{340210D3-8339-4AB0-861E-F9E3493CCB80}.Release|x64.Build.0 = Release|Any CPU
		{340210D3-8339-4AB0-861E-F9E3493CCB80}.Release|x86.ActiveCfg = Release|Any CPU
		{340210D3-8339-4AB0-861E-F9E3493CCB80}.Release|x86.Build.0 = Release|Any CPU
		{0B9C9700-1196-43DA-A0D6-C2BEDFDC06F1}.Ad-Hoc|Any CPU.ActiveCfg = Release|Any CPU
		{0B9C9700-1196-43DA-A0D6-C2BEDFDC06F1}.Ad-Hoc|Any CPU.Build.0 = Release|Any CPU
		{0B9C9700-1196-43DA-A0D6-C2BEDFDC06F1}.Ad-Hoc|Any CPU.Deploy.0 = Release|Any CPU
		{0B9C9700-1196-43DA-A0D6-C2BEDFDC06F1}.Ad-Hoc|ARM.ActiveCfg = Release|Any CPU
		{0B9C9700-1196-43DA-A0D6-C2BEDFDC06F1}.Ad-Hoc|ARM.Build.0 = Release|Any CPU
		{0B9C9700-1196-43DA-A0D6-C2BEDFDC06F1}.Ad-Hoc|ARM.Deploy.0 = Release|Any CPU
		{0B9C9700-1196-43DA-A0D6-C2BEDFDC06F1}.Ad-Hoc|iPhone.ActiveCfg = Release|Any CPU
		{0B9C9700-1196-43DA-A0D6-C2BEDFDC06F1}.Ad-Hoc|iPhone.Build.0 = Release|Any CPU
		{0B9C9700-1196-43DA-A0D6-C2BEDFDC06F1}.Ad-Hoc|iPhone.Deploy.0 = Release|Any CPU
		{0B9C9700-1196-43DA-A0D6-C2BEDFDC06F1}.Ad-Hoc|iPhoneSimulator.ActiveCfg = Release|Any CPU
		{0B9C9700-1196-43DA-A0D6-C2BEDFDC06F1}.Ad-Hoc|iPhoneSimulator.Build.0 = Release|Any CPU
		{0B9C9700-1196-43DA-A0D6-C2BEDFDC06F1}.Ad-Hoc|iPhoneSimulator.Deploy.0 = Release|Any CPU
		{0B9C9700-1196-43DA-A0D6-C2BEDFDC06F1}.Ad-Hoc|x64.ActiveCfg = Release|Any CPU
		{0B9C9700-1196-43DA-A0D6-C2BEDFDC06F1}.Ad-Hoc|x64.Build.0 = Release|Any CPU
		{0B9C9700-1196-43DA-A0D6-C2BEDFDC06F1}.Ad-Hoc|x64.Deploy.0 = Release|Any CPU
		{0B9C9700-1196-43DA-A0D6-C2BEDFDC06F1}.Ad-Hoc|x86.ActiveCfg = Release|Any CPU
		{0B9C9700-1196-43DA-A0D6-C2BEDFDC06F1}.Ad-Hoc|x86.Build.0 = Release|Any CPU
		{0B9C9700-1196-43DA-A0D6-C2BEDFDC06F1}.Ad-Hoc|x86.Deploy.0 = Release|Any CPU
		{0B9C9700-1196-43DA-A0D6-C2BEDFDC06F1}.AppStore|Any CPU.ActiveCfg = Release|Any CPU
		{0B9C9700-1196-43DA-A0D6-C2BEDFDC06F1}.AppStore|Any CPU.Build.0 = Release|Any CPU
		{0B9C9700-1196-43DA-A0D6-C2BEDFDC06F1}.AppStore|Any CPU.Deploy.0 = Release|Any CPU
		{0B9C9700-1196-43DA-A0D6-C2BEDFDC06F1}.AppStore|ARM.ActiveCfg = Release|Any CPU
		{0B9C9700-1196-43DA-A0D6-C2BEDFDC06F1}.AppStore|ARM.Build.0 = Release|Any CPU
		{0B9C9700-1196-43DA-A0D6-C2BEDFDC06F1}.AppStore|ARM.Deploy.0 = Release|Any CPU
		{0B9C9700-1196-43DA-A0D6-C2BEDFDC06F1}.AppStore|iPhone.ActiveCfg = Release|Any CPU
		{0B9C9700-1196-43DA-A0D6-C2BEDFDC06F1}.AppStore|iPhone.Build.0 = Release|Any CPU
		{0B9C9700-1196-43DA-A0D6-C2BEDFDC06F1}.AppStore|iPhone.Deploy.0 = Release|Any CPU
		{0B9C9700-1196-43DA-A0D6-C2BEDFDC06F1}.AppStore|iPhoneSimulator.ActiveCfg = Release|Any CPU
		{0B9C9700-1196-43DA-A0D6-C2BEDFDC06F1}.AppStore|iPhoneSimulator.Build.0 = Release|Any CPU
		{0B9C9700-1196-43DA-A0D6-C2BEDFDC06F1}.AppStore|iPhoneSimulator.Deploy.0 = Release|Any CPU
		{0B9C9700-1196-43DA-A0D6-C2BEDFDC06F1}.AppStore|x64.ActiveCfg = Release|Any CPU
		{0B9C9700-1196-43DA-A0D6-C2BEDFDC06F1}.AppStore|x64.Build.0 = Release|Any CPU
		{0B9C9700-1196-43DA-A0D6-C2BEDFDC06F1}.AppStore|x64.Deploy.0 = Release|Any CPU
		{0B9C9700-1196-43DA-A0D6-C2BEDFDC06F1}.AppStore|x86.ActiveCfg = Release|Any CPU
		{0B9C9700-1196-43DA-A0D6-C2BEDFDC06F1}.AppStore|x86.Build.0 = Release|Any CPU
		{0B9C9700-1196-43DA-A0D6-C2BEDFDC06F1}.AppStore|x86.Deploy.0 = Release|Any CPU
		{0B9C9700-1196-43DA-A0D6-C2BEDFDC06F1}.Debug|Any CPU.ActiveCfg = Debug|Any CPU
		{0B9C9700-1196-43DA-A0D6-C2BEDFDC06F1}.Debug|Any CPU.Build.0 = Debug|Any CPU
		{0B9C9700-1196-43DA-A0D6-C2BEDFDC06F1}.Debug|Any CPU.Deploy.0 = Debug|Any CPU
		{0B9C9700-1196-43DA-A0D6-C2BEDFDC06F1}.Debug|ARM.ActiveCfg = Debug|Any CPU
		{0B9C9700-1196-43DA-A0D6-C2BEDFDC06F1}.Debug|ARM.Build.0 = Debug|Any CPU
		{0B9C9700-1196-43DA-A0D6-C2BEDFDC06F1}.Debug|ARM.Deploy.0 = Debug|Any CPU
		{0B9C9700-1196-43DA-A0D6-C2BEDFDC06F1}.Debug|iPhone.ActiveCfg = Debug|Any CPU
		{0B9C9700-1196-43DA-A0D6-C2BEDFDC06F1}.Debug|iPhone.Build.0 = Debug|Any CPU
		{0B9C9700-1196-43DA-A0D6-C2BEDFDC06F1}.Debug|iPhone.Deploy.0 = Debug|Any CPU
		{0B9C9700-1196-43DA-A0D6-C2BEDFDC06F1}.Debug|iPhoneSimulator.ActiveCfg = Debug|Any CPU
		{0B9C9700-1196-43DA-A0D6-C2BEDFDC06F1}.Debug|iPhoneSimulator.Build.0 = Debug|Any CPU
		{0B9C9700-1196-43DA-A0D6-C2BEDFDC06F1}.Debug|iPhoneSimulator.Deploy.0 = Debug|Any CPU
		{0B9C9700-1196-43DA-A0D6-C2BEDFDC06F1}.Debug|x64.ActiveCfg = Debug|Any CPU
		{0B9C9700-1196-43DA-A0D6-C2BEDFDC06F1}.Debug|x64.Build.0 = Debug|Any CPU
		{0B9C9700-1196-43DA-A0D6-C2BEDFDC06F1}.Debug|x64.Deploy.0 = Debug|Any CPU
		{0B9C9700-1196-43DA-A0D6-C2BEDFDC06F1}.Debug|x86.ActiveCfg = Debug|Any CPU
		{0B9C9700-1196-43DA-A0D6-C2BEDFDC06F1}.Debug|x86.Build.0 = Debug|Any CPU
		{0B9C9700-1196-43DA-A0D6-C2BEDFDC06F1}.Debug|x86.Deploy.0 = Debug|Any CPU
		{0B9C9700-1196-43DA-A0D6-C2BEDFDC06F1}.Release|Any CPU.ActiveCfg = Release|Any CPU
		{0B9C9700-1196-43DA-A0D6-C2BEDFDC06F1}.Release|Any CPU.Build.0 = Release|Any CPU
		{0B9C9700-1196-43DA-A0D6-C2BEDFDC06F1}.Release|Any CPU.Deploy.0 = Release|Any CPU
		{0B9C9700-1196-43DA-A0D6-C2BEDFDC06F1}.Release|ARM.ActiveCfg = Release|Any CPU
		{0B9C9700-1196-43DA-A0D6-C2BEDFDC06F1}.Release|ARM.Build.0 = Release|Any CPU
		{0B9C9700-1196-43DA-A0D6-C2BEDFDC06F1}.Release|ARM.Deploy.0 = Release|Any CPU
		{0B9C9700-1196-43DA-A0D6-C2BEDFDC06F1}.Release|iPhone.ActiveCfg = Release|Any CPU
		{0B9C9700-1196-43DA-A0D6-C2BEDFDC06F1}.Release|iPhone.Build.0 = Release|Any CPU
		{0B9C9700-1196-43DA-A0D6-C2BEDFDC06F1}.Release|iPhone.Deploy.0 = Release|Any CPU
		{0B9C9700-1196-43DA-A0D6-C2BEDFDC06F1}.Release|iPhoneSimulator.ActiveCfg = Release|Any CPU
		{0B9C9700-1196-43DA-A0D6-C2BEDFDC06F1}.Release|iPhoneSimulator.Build.0 = Release|Any CPU
		{0B9C9700-1196-43DA-A0D6-C2BEDFDC06F1}.Release|iPhoneSimulator.Deploy.0 = Release|Any CPU
		{0B9C9700-1196-43DA-A0D6-C2BEDFDC06F1}.Release|x64.ActiveCfg = Release|Any CPU
		{0B9C9700-1196-43DA-A0D6-C2BEDFDC06F1}.Release|x64.Build.0 = Release|Any CPU
		{0B9C9700-1196-43DA-A0D6-C2BEDFDC06F1}.Release|x64.Deploy.0 = Release|Any CPU
		{0B9C9700-1196-43DA-A0D6-C2BEDFDC06F1}.Release|x86.ActiveCfg = Release|Any CPU
		{0B9C9700-1196-43DA-A0D6-C2BEDFDC06F1}.Release|x86.Build.0 = Release|Any CPU
		{0B9C9700-1196-43DA-A0D6-C2BEDFDC06F1}.Release|x86.Deploy.0 = Release|Any CPU
		{9CE21CEC-201C-45D0-AEAA-C589D916D831}.Ad-Hoc|Any CPU.ActiveCfg = Ad-Hoc|iPhone
		{9CE21CEC-201C-45D0-AEAA-C589D916D831}.Ad-Hoc|ARM.ActiveCfg = Ad-Hoc|iPhone
		{9CE21CEC-201C-45D0-AEAA-C589D916D831}.Ad-Hoc|iPhone.ActiveCfg = Ad-Hoc|iPhone
		{9CE21CEC-201C-45D0-AEAA-C589D916D831}.Ad-Hoc|iPhone.Build.0 = Ad-Hoc|iPhone
		{9CE21CEC-201C-45D0-AEAA-C589D916D831}.Ad-Hoc|iPhoneSimulator.ActiveCfg = Ad-Hoc|iPhoneSimulator
		{9CE21CEC-201C-45D0-AEAA-C589D916D831}.Ad-Hoc|iPhoneSimulator.Build.0 = Ad-Hoc|iPhoneSimulator
		{9CE21CEC-201C-45D0-AEAA-C589D916D831}.Ad-Hoc|x64.ActiveCfg = Ad-Hoc|iPhone
		{9CE21CEC-201C-45D0-AEAA-C589D916D831}.Ad-Hoc|x86.ActiveCfg = Ad-Hoc|iPhone
		{9CE21CEC-201C-45D0-AEAA-C589D916D831}.AppStore|Any CPU.ActiveCfg = AppStore|iPhone
		{9CE21CEC-201C-45D0-AEAA-C589D916D831}.AppStore|ARM.ActiveCfg = AppStore|iPhone
		{9CE21CEC-201C-45D0-AEAA-C589D916D831}.AppStore|iPhone.ActiveCfg = AppStore|iPhone
		{9CE21CEC-201C-45D0-AEAA-C589D916D831}.AppStore|iPhone.Build.0 = AppStore|iPhone
		{9CE21CEC-201C-45D0-AEAA-C589D916D831}.AppStore|iPhoneSimulator.ActiveCfg = AppStore|iPhoneSimulator
		{9CE21CEC-201C-45D0-AEAA-C589D916D831}.AppStore|iPhoneSimulator.Build.0 = AppStore|iPhoneSimulator
		{9CE21CEC-201C-45D0-AEAA-C589D916D831}.AppStore|x64.ActiveCfg = AppStore|iPhone
		{9CE21CEC-201C-45D0-AEAA-C589D916D831}.AppStore|x86.ActiveCfg = AppStore|iPhone
		{9CE21CEC-201C-45D0-AEAA-C589D916D831}.Debug|Any CPU.ActiveCfg = Debug|iPhone
		{9CE21CEC-201C-45D0-AEAA-C589D916D831}.Debug|ARM.ActiveCfg = Debug|iPhone
		{9CE21CEC-201C-45D0-AEAA-C589D916D831}.Debug|iPhone.ActiveCfg = Debug|iPhone
		{9CE21CEC-201C-45D0-AEAA-C589D916D831}.Debug|iPhone.Build.0 = Debug|iPhone
		{9CE21CEC-201C-45D0-AEAA-C589D916D831}.Debug|iPhoneSimulator.ActiveCfg = Debug|iPhoneSimulator
		{9CE21CEC-201C-45D0-AEAA-C589D916D831}.Debug|iPhoneSimulator.Build.0 = Debug|iPhoneSimulator
		{9CE21CEC-201C-45D0-AEAA-C589D916D831}.Debug|x64.ActiveCfg = Debug|iPhone
		{9CE21CEC-201C-45D0-AEAA-C589D916D831}.Debug|x86.ActiveCfg = Debug|iPhone
		{9CE21CEC-201C-45D0-AEAA-C589D916D831}.Release|Any CPU.ActiveCfg = Release|iPhone
		{9CE21CEC-201C-45D0-AEAA-C589D916D831}.Release|ARM.ActiveCfg = Release|iPhone
		{9CE21CEC-201C-45D0-AEAA-C589D916D831}.Release|iPhone.ActiveCfg = Release|iPhone
		{9CE21CEC-201C-45D0-AEAA-C589D916D831}.Release|iPhone.Build.0 = Release|iPhone
		{9CE21CEC-201C-45D0-AEAA-C589D916D831}.Release|iPhoneSimulator.ActiveCfg = Release|iPhoneSimulator
		{9CE21CEC-201C-45D0-AEAA-C589D916D831}.Release|iPhoneSimulator.Build.0 = Release|iPhoneSimulator
		{9CE21CEC-201C-45D0-AEAA-C589D916D831}.Release|x64.ActiveCfg = Release|iPhone
		{9CE21CEC-201C-45D0-AEAA-C589D916D831}.Release|x86.ActiveCfg = Release|iPhone
		{B7CBE391-2BBB-4A29-9776-22ECD604AB47}.Ad-Hoc|Any CPU.ActiveCfg = Release|x86
		{B7CBE391-2BBB-4A29-9776-22ECD604AB47}.Ad-Hoc|Any CPU.Build.0 = Release|x86
		{B7CBE391-2BBB-4A29-9776-22ECD604AB47}.Ad-Hoc|Any CPU.Deploy.0 = Release|x86
		{B7CBE391-2BBB-4A29-9776-22ECD604AB47}.Ad-Hoc|ARM.ActiveCfg = Release|ARM
		{B7CBE391-2BBB-4A29-9776-22ECD604AB47}.Ad-Hoc|ARM.Build.0 = Release|ARM
		{B7CBE391-2BBB-4A29-9776-22ECD604AB47}.Ad-Hoc|ARM.Deploy.0 = Release|ARM
		{B7CBE391-2BBB-4A29-9776-22ECD604AB47}.Ad-Hoc|iPhone.ActiveCfg = Release|x86
		{B7CBE391-2BBB-4A29-9776-22ECD604AB47}.Ad-Hoc|iPhone.Build.0 = Release|x86
		{B7CBE391-2BBB-4A29-9776-22ECD604AB47}.Ad-Hoc|iPhone.Deploy.0 = Release|x86
		{B7CBE391-2BBB-4A29-9776-22ECD604AB47}.Ad-Hoc|iPhoneSimulator.ActiveCfg = Release|x86
		{B7CBE391-2BBB-4A29-9776-22ECD604AB47}.Ad-Hoc|iPhoneSimulator.Build.0 = Release|x86
		{B7CBE391-2BBB-4A29-9776-22ECD604AB47}.Ad-Hoc|iPhoneSimulator.Deploy.0 = Release|x86
		{B7CBE391-2BBB-4A29-9776-22ECD604AB47}.Ad-Hoc|x64.ActiveCfg = Release|x64
		{B7CBE391-2BBB-4A29-9776-22ECD604AB47}.Ad-Hoc|x64.Build.0 = Release|x64
		{B7CBE391-2BBB-4A29-9776-22ECD604AB47}.Ad-Hoc|x64.Deploy.0 = Release|x64
		{B7CBE391-2BBB-4A29-9776-22ECD604AB47}.Ad-Hoc|x86.ActiveCfg = Release|x86
		{B7CBE391-2BBB-4A29-9776-22ECD604AB47}.Ad-Hoc|x86.Build.0 = Release|x86
		{B7CBE391-2BBB-4A29-9776-22ECD604AB47}.Ad-Hoc|x86.Deploy.0 = Release|x86
		{B7CBE391-2BBB-4A29-9776-22ECD604AB47}.AppStore|Any CPU.ActiveCfg = Release|x86
		{B7CBE391-2BBB-4A29-9776-22ECD604AB47}.AppStore|Any CPU.Build.0 = Release|x86
		{B7CBE391-2BBB-4A29-9776-22ECD604AB47}.AppStore|Any CPU.Deploy.0 = Release|x86
		{B7CBE391-2BBB-4A29-9776-22ECD604AB47}.AppStore|ARM.ActiveCfg = Release|ARM
		{B7CBE391-2BBB-4A29-9776-22ECD604AB47}.AppStore|ARM.Build.0 = Release|ARM
		{B7CBE391-2BBB-4A29-9776-22ECD604AB47}.AppStore|ARM.Deploy.0 = Release|ARM
		{B7CBE391-2BBB-4A29-9776-22ECD604AB47}.AppStore|iPhone.ActiveCfg = Release|x86
		{B7CBE391-2BBB-4A29-9776-22ECD604AB47}.AppStore|iPhone.Build.0 = Release|x86
		{B7CBE391-2BBB-4A29-9776-22ECD604AB47}.AppStore|iPhone.Deploy.0 = Release|x86
		{B7CBE391-2BBB-4A29-9776-22ECD604AB47}.AppStore|iPhoneSimulator.ActiveCfg = Release|x86
		{B7CBE391-2BBB-4A29-9776-22ECD604AB47}.AppStore|iPhoneSimulator.Build.0 = Release|x86
		{B7CBE391-2BBB-4A29-9776-22ECD604AB47}.AppStore|iPhoneSimulator.Deploy.0 = Release|x86
		{B7CBE391-2BBB-4A29-9776-22ECD604AB47}.AppStore|x64.ActiveCfg = Release|x64
		{B7CBE391-2BBB-4A29-9776-22ECD604AB47}.AppStore|x64.Build.0 = Release|x64
		{B7CBE391-2BBB-4A29-9776-22ECD604AB47}.AppStore|x64.Deploy.0 = Release|x64
		{B7CBE391-2BBB-4A29-9776-22ECD604AB47}.AppStore|x86.ActiveCfg = Release|x86
		{B7CBE391-2BBB-4A29-9776-22ECD604AB47}.AppStore|x86.Build.0 = Release|x86
		{B7CBE391-2BBB-4A29-9776-22ECD604AB47}.AppStore|x86.Deploy.0 = Release|x86
		{B7CBE391-2BBB-4A29-9776-22ECD604AB47}.Debug|Any CPU.ActiveCfg = Debug|x86
		{B7CBE391-2BBB-4A29-9776-22ECD604AB47}.Debug|ARM.ActiveCfg = Debug|ARM
		{B7CBE391-2BBB-4A29-9776-22ECD604AB47}.Debug|ARM.Build.0 = Debug|ARM
		{B7CBE391-2BBB-4A29-9776-22ECD604AB47}.Debug|ARM.Deploy.0 = Debug|ARM
		{B7CBE391-2BBB-4A29-9776-22ECD604AB47}.Debug|iPhone.ActiveCfg = Debug|x86
		{B7CBE391-2BBB-4A29-9776-22ECD604AB47}.Debug|iPhoneSimulator.ActiveCfg = Debug|x86
		{B7CBE391-2BBB-4A29-9776-22ECD604AB47}.Debug|x64.ActiveCfg = Debug|x64
		{B7CBE391-2BBB-4A29-9776-22ECD604AB47}.Debug|x64.Build.0 = Debug|x64
		{B7CBE391-2BBB-4A29-9776-22ECD604AB47}.Debug|x64.Deploy.0 = Debug|x64
		{B7CBE391-2BBB-4A29-9776-22ECD604AB47}.Debug|x86.ActiveCfg = Debug|x86
		{B7CBE391-2BBB-4A29-9776-22ECD604AB47}.Debug|x86.Build.0 = Debug|x86
		{B7CBE391-2BBB-4A29-9776-22ECD604AB47}.Debug|x86.Deploy.0 = Debug|x86
		{B7CBE391-2BBB-4A29-9776-22ECD604AB47}.Release|Any CPU.ActiveCfg = Release|x86
		{B7CBE391-2BBB-4A29-9776-22ECD604AB47}.Release|ARM.ActiveCfg = Release|ARM
		{B7CBE391-2BBB-4A29-9776-22ECD604AB47}.Release|ARM.Build.0 = Release|ARM
		{B7CBE391-2BBB-4A29-9776-22ECD604AB47}.Release|ARM.Deploy.0 = Release|ARM
		{B7CBE391-2BBB-4A29-9776-22ECD604AB47}.Release|iPhone.ActiveCfg = Release|x86
		{B7CBE391-2BBB-4A29-9776-22ECD604AB47}.Release|iPhoneSimulator.ActiveCfg = Release|x86
		{B7CBE391-2BBB-4A29-9776-22ECD604AB47}.Release|x64.ActiveCfg = Release|x64
		{B7CBE391-2BBB-4A29-9776-22ECD604AB47}.Release|x64.Build.0 = Release|x64
		{B7CBE391-2BBB-4A29-9776-22ECD604AB47}.Release|x64.Deploy.0 = Release|x64
		{B7CBE391-2BBB-4A29-9776-22ECD604AB47}.Release|x86.ActiveCfg = Release|x86
		{B7CBE391-2BBB-4A29-9776-22ECD604AB47}.Release|x86.Build.0 = Release|x86
		{B7CBE391-2BBB-4A29-9776-22ECD604AB47}.Release|x86.Deploy.0 = Release|x86
		{0E96024E-27BD-4722-9962-AA8C3D3E6B14}.Ad-Hoc|Any CPU.ActiveCfg = Debug|Any CPU
		{0E96024E-27BD-4722-9962-AA8C3D3E6B14}.Ad-Hoc|Any CPU.Build.0 = Debug|Any CPU
		{0E96024E-27BD-4722-9962-AA8C3D3E6B14}.Ad-Hoc|ARM.ActiveCfg = Debug|Any CPU
		{0E96024E-27BD-4722-9962-AA8C3D3E6B14}.Ad-Hoc|ARM.Build.0 = Debug|Any CPU
		{0E96024E-27BD-4722-9962-AA8C3D3E6B14}.Ad-Hoc|iPhone.ActiveCfg = Debug|Any CPU
		{0E96024E-27BD-4722-9962-AA8C3D3E6B14}.Ad-Hoc|iPhone.Build.0 = Debug|Any CPU
		{0E96024E-27BD-4722-9962-AA8C3D3E6B14}.Ad-Hoc|iPhoneSimulator.ActiveCfg = Debug|Any CPU
		{0E96024E-27BD-4722-9962-AA8C3D3E6B14}.Ad-Hoc|iPhoneSimulator.Build.0 = Debug|Any CPU
		{0E96024E-27BD-4722-9962-AA8C3D3E6B14}.Ad-Hoc|x64.ActiveCfg = Debug|Any CPU
		{0E96024E-27BD-4722-9962-AA8C3D3E6B14}.Ad-Hoc|x64.Build.0 = Debug|Any CPU
		{0E96024E-27BD-4722-9962-AA8C3D3E6B14}.Ad-Hoc|x86.ActiveCfg = Debug|Any CPU
		{0E96024E-27BD-4722-9962-AA8C3D3E6B14}.Ad-Hoc|x86.Build.0 = Debug|Any CPU
		{0E96024E-27BD-4722-9962-AA8C3D3E6B14}.AppStore|Any CPU.ActiveCfg = Debug|Any CPU
		{0E96024E-27BD-4722-9962-AA8C3D3E6B14}.AppStore|Any CPU.Build.0 = Debug|Any CPU
		{0E96024E-27BD-4722-9962-AA8C3D3E6B14}.AppStore|ARM.ActiveCfg = Debug|Any CPU
		{0E96024E-27BD-4722-9962-AA8C3D3E6B14}.AppStore|ARM.Build.0 = Debug|Any CPU
		{0E96024E-27BD-4722-9962-AA8C3D3E6B14}.AppStore|iPhone.ActiveCfg = Debug|Any CPU
		{0E96024E-27BD-4722-9962-AA8C3D3E6B14}.AppStore|iPhone.Build.0 = Debug|Any CPU
		{0E96024E-27BD-4722-9962-AA8C3D3E6B14}.AppStore|iPhoneSimulator.ActiveCfg = Debug|Any CPU
		{0E96024E-27BD-4722-9962-AA8C3D3E6B14}.AppStore|iPhoneSimulator.Build.0 = Debug|Any CPU
		{0E96024E-27BD-4722-9962-AA8C3D3E6B14}.AppStore|x64.ActiveCfg = Debug|Any CPU
		{0E96024E-27BD-4722-9962-AA8C3D3E6B14}.AppStore|x64.Build.0 = Debug|Any CPU
		{0E96024E-27BD-4722-9962-AA8C3D3E6B14}.AppStore|x86.ActiveCfg = Debug|Any CPU
		{0E96024E-27BD-4722-9962-AA8C3D3E6B14}.AppStore|x86.Build.0 = Debug|Any CPU
		{0E96024E-27BD-4722-9962-AA8C3D3E6B14}.Debug|Any CPU.ActiveCfg = Debug|Any CPU
		{0E96024E-27BD-4722-9962-AA8C3D3E6B14}.Debug|Any CPU.Build.0 = Debug|Any CPU
		{0E96024E-27BD-4722-9962-AA8C3D3E6B14}.Debug|ARM.ActiveCfg = Debug|Any CPU
		{0E96024E-27BD-4722-9962-AA8C3D3E6B14}.Debug|ARM.Build.0 = Debug|Any CPU
		{0E96024E-27BD-4722-9962-AA8C3D3E6B14}.Debug|iPhone.ActiveCfg = Debug|Any CPU
		{0E96024E-27BD-4722-9962-AA8C3D3E6B14}.Debug|iPhone.Build.0 = Debug|Any CPU
		{0E96024E-27BD-4722-9962-AA8C3D3E6B14}.Debug|iPhoneSimulator.ActiveCfg = Debug|Any CPU
		{0E96024E-27BD-4722-9962-AA8C3D3E6B14}.Debug|iPhoneSimulator.Build.0 = Debug|Any CPU
		{0E96024E-27BD-4722-9962-AA8C3D3E6B14}.Debug|x64.ActiveCfg = Debug|Any CPU
		{0E96024E-27BD-4722-9962-AA8C3D3E6B14}.Debug|x64.Build.0 = Debug|Any CPU
		{0E96024E-27BD-4722-9962-AA8C3D3E6B14}.Debug|x86.ActiveCfg = Debug|Any CPU
		{0E96024E-27BD-4722-9962-AA8C3D3E6B14}.Debug|x86.Build.0 = Debug|Any CPU
		{0E96024E-27BD-4722-9962-AA8C3D3E6B14}.Release|Any CPU.ActiveCfg = Release|Any CPU
		{0E96024E-27BD-4722-9962-AA8C3D3E6B14}.Release|Any CPU.Build.0 = Release|Any CPU
		{0E96024E-27BD-4722-9962-AA8C3D3E6B14}.Release|ARM.ActiveCfg = Release|Any CPU
		{0E96024E-27BD-4722-9962-AA8C3D3E6B14}.Release|ARM.Build.0 = Release|Any CPU
		{0E96024E-27BD-4722-9962-AA8C3D3E6B14}.Release|iPhone.ActiveCfg = Release|Any CPU
		{0E96024E-27BD-4722-9962-AA8C3D3E6B14}.Release|iPhone.Build.0 = Release|Any CPU
		{0E96024E-27BD-4722-9962-AA8C3D3E6B14}.Release|iPhoneSimulator.ActiveCfg = Release|Any CPU
		{0E96024E-27BD-4722-9962-AA8C3D3E6B14}.Release|iPhoneSimulator.Build.0 = Release|Any CPU
		{0E96024E-27BD-4722-9962-AA8C3D3E6B14}.Release|x64.ActiveCfg = Release|Any CPU
		{0E96024E-27BD-4722-9962-AA8C3D3E6B14}.Release|x64.Build.0 = Release|Any CPU
		{0E96024E-27BD-4722-9962-AA8C3D3E6B14}.Release|x86.ActiveCfg = Release|Any CPU
		{0E96024E-27BD-4722-9962-AA8C3D3E6B14}.Release|x86.Build.0 = Release|Any CPU
	EndGlobalSection
	GlobalSection(SolutionProperties) = preSolution
		HideSolutionNode = FALSE
	EndGlobalSection
	GlobalSection(ExtensibilityGlobals) = postSolution
		SolutionGuid = {DCFD1742-26F5-476F-9109-631E13AF9A07}
	EndGlobalSection
EndGlobal
