
Microsoft Visual Studio Solution File, Format Version 12.00
# Visual Studio 15
VisualStudioVersion = 15.0.27130.2024
MinimumVisualStudioVersion = 10.0.40219.1
Project("{FAE04EC0-301F-11D3-BF4B-00C04F79EFBC}") = "DReAMUnitTest", "DReAMUnitTest\DReAMUnitTest.csproj", "{340210D3-8339-4AB0-861E-F9E3493CCB80}"
EndProject
Project("{FAE04EC0-301F-11D3-BF4B-00C04F79EFBC}") = "DReAM.Android", "DReAM\DReAM.Android\DReAM.Android.csproj", "{F86E22A0-D74D-4E50-A896-B2070CA8D67D}"
EndProject
Project("{FAE04EC0-301F-11D3-BF4B-00C04F79EFBC}") = "DReAM.iOS", "DReAM\DReAM.iOS\DReAM.iOS.csproj", "{989A7DE7-9843-4F9B-9E91-5E01D299B4AE}"
EndProject
Project("{FAE04EC0-301F-11D3-BF4B-00C04F79EFBC}") = "DReAM.UWP", "DReAM\DReAM.UWP\DReAM.UWP.csproj", "{E8A13511-7F28-43A9-B8AF-35327E254989}"
EndProject
Project("{9A19103F-16F7-4668-BE54-9A1E7A4F7556}") = "DReAM", "DReAM\DReAM\DReAM.csproj", "{8A2D1404-1F2E-49F0-84DE-948493EA8EAB}"
	ProjectSection(ProjectDependencies) = postProject
		{C6C15D26-01CC-4877-9D4F-5EE89E1FE5EC} = {C6C15D26-01CC-4877-9D4F-5EE89E1FE5EC}
	EndProjectSection
EndProject
Project("{FAE04EC0-301F-11D3-BF4B-00C04F79EFBC}") = "DreamCompiler", "DreamCompiler\DreamCompiler.csproj", "{C6C15D26-01CC-4877-9D4F-5EE89E1FE5EC}"
EndProject
Global
	GlobalSection(SolutionConfigurationPlatforms) = preSolution
		Ad-Hoc|Any CPU = Ad-Hoc|Any CPU
		Ad-Hoc|ARM = Ad-Hoc|ARM
		Ad-Hoc|iPhone = Ad-Hoc|iPhone
		Ad-Hoc|iPhoneSimulator = Ad-Hoc|iPhoneSimulator
		Ad-Hoc|x64 = Ad-Hoc|x64
		Ad-Hoc|x86 = Ad-Hoc|x86
		AppStore|Any CPU = AppStore|Any CPU
		AppStore|ARM = AppStore|ARM
		AppStore|iPhone = AppStore|iPhone
		AppStore|iPhoneSimulator = AppStore|iPhoneSimulator
		AppStore|x64 = AppStore|x64
		AppStore|x86 = AppStore|x86
		Debug|Any CPU = Debug|Any CPU
		Debug|ARM = Debug|ARM
		Debug|iPhone = Debug|iPhone
		Debug|iPhoneSimulator = Debug|iPhoneSimulator
		Debug|x64 = Debug|x64
		Debug|x86 = Debug|x86
		Release|Any CPU = Release|Any CPU
		Release|ARM = Release|ARM
		Release|iPhone = Release|iPhone
		Release|iPhoneSimulator = Release|iPhoneSimulator
		Release|x64 = Release|x64
		Release|x86 = Release|x86
	EndGlobalSection
	GlobalSection(ProjectConfigurationPlatforms) = postSolution
		{340210D3-8339-4AB0-861E-F9E3493CCB80}.Ad-Hoc|Any CPU.ActiveCfg = Release|Any CPU
		{340210D3-8339-4AB0-861E-F9E3493CCB80}.Ad-Hoc|Any CPU.Build.0 = Release|Any CPU
		{340210D3-8339-4AB0-861E-F9E3493CCB80}.Ad-Hoc|ARM.ActiveCfg = Release|Any CPU
		{340210D3-8339-4AB0-861E-F9E3493CCB80}.Ad-Hoc|ARM.Build.0 = Release|Any CPU
		{340210D3-8339-4AB0-861E-F9E3493CCB80}.Ad-Hoc|iPhone.ActiveCfg = Release|Any CPU
		{340210D3-8339-4AB0-861E-F9E3493CCB80}.Ad-Hoc|iPhone.Build.0 = Release|Any CPU
		{340210D3-8339-4AB0-861E-F9E3493CCB80}.Ad-Hoc|iPhoneSimulator.ActiveCfg = Release|Any CPU
		{340210D3-8339-4AB0-861E-F9E3493CCB80}.Ad-Hoc|iPhoneSimulator.Build.0 = Release|Any CPU
		{340210D3-8339-4AB0-861E-F9E3493CCB80}.Ad-Hoc|x64.ActiveCfg = Release|Any CPU
		{340210D3-8339-4AB0-861E-F9E3493CCB80}.Ad-Hoc|x64.Build.0 = Release|Any CPU
		{340210D3-8339-4AB0-861E-F9E3493CCB80}.Ad-Hoc|x86.ActiveCfg = Release|Any CPU
		{340210D3-8339-4AB0-861E-F9E3493CCB80}.Ad-Hoc|x86.Build.0 = Release|Any CPU
		{340210D3-8339-4AB0-861E-F9E3493CCB80}.AppStore|Any CPU.ActiveCfg = Release|Any CPU
		{340210D3-8339-4AB0-861E-F9E3493CCB80}.AppStore|Any CPU.Build.0 = Release|Any CPU
		{340210D3-8339-4AB0-861E-F9E3493CCB80}.AppStore|ARM.ActiveCfg = Release|Any CPU
		{340210D3-8339-4AB0-861E-F9E3493CCB80}.AppStore|ARM.Build.0 = Release|Any CPU
		{340210D3-8339-4AB0-861E-F9E3493CCB80}.AppStore|iPhone.ActiveCfg = Release|Any CPU
		{340210D3-8339-4AB0-861E-F9E3493CCB80}.AppStore|iPhone.Build.0 = Release|Any CPU
		{340210D3-8339-4AB0-861E-F9E3493CCB80}.AppStore|iPhoneSimulator.ActiveCfg = Release|Any CPU
		{340210D3-8339-4AB0-861E-F9E3493CCB80}.AppStore|iPhoneSimulator.Build.0 = Release|Any CPU
		{340210D3-8339-4AB0-861E-F9E3493CCB80}.AppStore|x64.ActiveCfg = Release|Any CPU
		{340210D3-8339-4AB0-861E-F9E3493CCB80}.AppStore|x64.Build.0 = Release|Any CPU
		{340210D3-8339-4AB0-861E-F9E3493CCB80}.AppStore|x86.ActiveCfg = Release|Any CPU
		{340210D3-8339-4AB0-861E-F9E3493CCB80}.AppStore|x86.Build.0 = Release|Any CPU
		{340210D3-8339-4AB0-861E-F9E3493CCB80}.Debug|Any CPU.ActiveCfg = Debug|Any CPU
		{340210D3-8339-4AB0-861E-F9E3493CCB80}.Debug|Any CPU.Build.0 = Debug|Any CPU
		{340210D3-8339-4AB0-861E-F9E3493CCB80}.Debug|ARM.ActiveCfg = Debug|Any CPU
		{340210D3-8339-4AB0-861E-F9E3493CCB80}.Debug|ARM.Build.0 = Debug|Any CPU
		{340210D3-8339-4AB0-861E-F9E3493CCB80}.Debug|iPhone.ActiveCfg = Debug|Any CPU
		{340210D3-8339-4AB0-861E-F9E3493CCB80}.Debug|iPhone.Build.0 = Debug|Any CPU
		{340210D3-8339-4AB0-861E-F9E3493CCB80}.Debug|iPhoneSimulator.ActiveCfg = Debug|Any CPU
		{340210D3-8339-4AB0-861E-F9E3493CCB80}.Debug|iPhoneSimulator.Build.0 = Debug|Any CPU
		{340210D3-8339-4AB0-861E-F9E3493CCB80}.Debug|x64.ActiveCfg = Debug|Any CPU
		{340210D3-8339-4AB0-861E-F9E3493CCB80}.Debug|x64.Build.0 = Debug|Any CPU
		{340210D3-8339-4AB0-861E-F9E3493CCB80}.Debug|x86.ActiveCfg = Debug|Any CPU
		{340210D3-8339-4AB0-861E-F9E3493CCB80}.Debug|x86.Build.0 = Debug|Any CPU
		{340210D3-8339-4AB0-861E-F9E3493CCB80}.Release|Any CPU.ActiveCfg = Release|Any CPU
		{340210D3-8339-4AB0-861E-F9E3493CCB80}.Release|Any CPU.Build.0 = Release|Any CPU
		{340210D3-8339-4AB0-861E-F9E3493CCB80}.Release|ARM.ActiveCfg = Release|Any CPU
		{340210D3-8339-4AB0-861E-F9E3493CCB80}.Release|ARM.Build.0 = Release|Any CPU
		{340210D3-8339-4AB0-861E-F9E3493CCB80}.Release|iPhone.ActiveCfg = Release|Any CPU
		{340210D3-8339-4AB0-861E-F9E3493CCB80}.Release|iPhone.Build.0 = Release|Any CPU
		{340210D3-8339-4AB0-861E-F9E3493CCB80}.Release|iPhoneSimulator.ActiveCfg = Release|Any CPU
		{340210D3-8339-4AB0-861E-F9E3493CCB80}.Release|iPhoneSimulator.Build.0 = Release|Any CPU
		{340210D3-8339-4AB0-861E-F9E3493CCB80}.Release|x64.ActiveCfg = Release|Any CPU
		{340210D3-8339-4AB0-861E-F9E3493CCB80}.Release|x64.Build.0 = Release|Any CPU
		{340210D3-8339-4AB0-861E-F9E3493CCB80}.Release|x86.ActiveCfg = Release|Any CPU
		{340210D3-8339-4AB0-861E-F9E3493CCB80}.Release|x86.Build.0 = Release|Any CPU
		{F86E22A0-D74D-4E50-A896-B2070CA8D67D}.Ad-Hoc|Any CPU.ActiveCfg = Release|Any CPU
		{F86E22A0-D74D-4E50-A896-B2070CA8D67D}.Ad-Hoc|Any CPU.Build.0 = Release|Any CPU
		{F86E22A0-D74D-4E50-A896-B2070CA8D67D}.Ad-Hoc|Any CPU.Deploy.0 = Release|Any CPU
		{F86E22A0-D74D-4E50-A896-B2070CA8D67D}.Ad-Hoc|ARM.ActiveCfg = Release|Any CPU
		{F86E22A0-D74D-4E50-A896-B2070CA8D67D}.Ad-Hoc|ARM.Build.0 = Release|Any CPU
		{F86E22A0-D74D-4E50-A896-B2070CA8D67D}.Ad-Hoc|ARM.Deploy.0 = Release|Any CPU
		{F86E22A0-D74D-4E50-A896-B2070CA8D67D}.Ad-Hoc|iPhone.ActiveCfg = Release|Any CPU
		{F86E22A0-D74D-4E50-A896-B2070CA8D67D}.Ad-Hoc|iPhone.Build.0 = Release|Any CPU
		{F86E22A0-D74D-4E50-A896-B2070CA8D67D}.Ad-Hoc|iPhone.Deploy.0 = Release|Any CPU
		{F86E22A0-D74D-4E50-A896-B2070CA8D67D}.Ad-Hoc|iPhoneSimulator.ActiveCfg = Release|Any CPU
		{F86E22A0-D74D-4E50-A896-B2070CA8D67D}.Ad-Hoc|iPhoneSimulator.Build.0 = Release|Any CPU
		{F86E22A0-D74D-4E50-A896-B2070CA8D67D}.Ad-Hoc|iPhoneSimulator.Deploy.0 = Release|Any CPU
		{F86E22A0-D74D-4E50-A896-B2070CA8D67D}.Ad-Hoc|x64.ActiveCfg = Release|Any CPU
		{F86E22A0-D74D-4E50-A896-B2070CA8D67D}.Ad-Hoc|x64.Build.0 = Release|Any CPU
		{F86E22A0-D74D-4E50-A896-B2070CA8D67D}.Ad-Hoc|x64.Deploy.0 = Release|Any CPU
		{F86E22A0-D74D-4E50-A896-B2070CA8D67D}.Ad-Hoc|x86.ActiveCfg = Release|Any CPU
		{F86E22A0-D74D-4E50-A896-B2070CA8D67D}.Ad-Hoc|x86.Build.0 = Release|Any CPU
		{F86E22A0-D74D-4E50-A896-B2070CA8D67D}.Ad-Hoc|x86.Deploy.0 = Release|Any CPU
		{F86E22A0-D74D-4E50-A896-B2070CA8D67D}.AppStore|Any CPU.ActiveCfg = Release|Any CPU
		{F86E22A0-D74D-4E50-A896-B2070CA8D67D}.AppStore|Any CPU.Build.0 = Release|Any CPU
		{F86E22A0-D74D-4E50-A896-B2070CA8D67D}.AppStore|Any CPU.Deploy.0 = Release|Any CPU
		{F86E22A0-D74D-4E50-A896-B2070CA8D67D}.AppStore|ARM.ActiveCfg = Release|Any CPU
		{F86E22A0-D74D-4E50-A896-B2070CA8D67D}.AppStore|ARM.Build.0 = Release|Any CPU
		{F86E22A0-D74D-4E50-A896-B2070CA8D67D}.AppStore|ARM.Deploy.0 = Release|Any CPU
		{F86E22A0-D74D-4E50-A896-B2070CA8D67D}.AppStore|iPhone.ActiveCfg = Release|Any CPU
		{F86E22A0-D74D-4E50-A896-B2070CA8D67D}.AppStore|iPhone.Build.0 = Release|Any CPU
		{F86E22A0-D74D-4E50-A896-B2070CA8D67D}.AppStore|iPhone.Deploy.0 = Release|Any CPU
		{F86E22A0-D74D-4E50-A896-B2070CA8D67D}.AppStore|iPhoneSimulator.ActiveCfg = Release|Any CPU
		{F86E22A0-D74D-4E50-A896-B2070CA8D67D}.AppStore|iPhoneSimulator.Build.0 = Release|Any CPU
		{F86E22A0-D74D-4E50-A896-B2070CA8D67D}.AppStore|iPhoneSimulator.Deploy.0 = Release|Any CPU
		{F86E22A0-D74D-4E50-A896-B2070CA8D67D}.AppStore|x64.ActiveCfg = Release|Any CPU
		{F86E22A0-D74D-4E50-A896-B2070CA8D67D}.AppStore|x64.Build.0 = Release|Any CPU
		{F86E22A0-D74D-4E50-A896-B2070CA8D67D}.AppStore|x64.Deploy.0 = Release|Any CPU
		{F86E22A0-D74D-4E50-A896-B2070CA8D67D}.AppStore|x86.ActiveCfg = Release|Any CPU
		{F86E22A0-D74D-4E50-A896-B2070CA8D67D}.AppStore|x86.Build.0 = Release|Any CPU
		{F86E22A0-D74D-4E50-A896-B2070CA8D67D}.AppStore|x86.Deploy.0 = Release|Any CPU
		{F86E22A0-D74D-4E50-A896-B2070CA8D67D}.Debug|Any CPU.ActiveCfg = Debug|Any CPU
		{F86E22A0-D74D-4E50-A896-B2070CA8D67D}.Debug|Any CPU.Build.0 = Debug|Any CPU
		{F86E22A0-D74D-4E50-A896-B2070CA8D67D}.Debug|Any CPU.Deploy.0 = Debug|Any CPU
		{F86E22A0-D74D-4E50-A896-B2070CA8D67D}.Debug|ARM.ActiveCfg = Debug|Any CPU
		{F86E22A0-D74D-4E50-A896-B2070CA8D67D}.Debug|ARM.Build.0 = Debug|Any CPU
		{F86E22A0-D74D-4E50-A896-B2070CA8D67D}.Debug|ARM.Deploy.0 = Debug|Any CPU
		{F86E22A0-D74D-4E50-A896-B2070CA8D67D}.Debug|iPhone.ActiveCfg = Debug|Any CPU
		{F86E22A0-D74D-4E50-A896-B2070CA8D67D}.Debug|iPhone.Build.0 = Debug|Any CPU
		{F86E22A0-D74D-4E50-A896-B2070CA8D67D}.Debug|iPhone.Deploy.0 = Debug|Any CPU
		{F86E22A0-D74D-4E50-A896-B2070CA8D67D}.Debug|iPhoneSimulator.ActiveCfg = Debug|Any CPU
		{F86E22A0-D74D-4E50-A896-B2070CA8D67D}.Debug|iPhoneSimulator.Build.0 = Debug|Any CPU
		{F86E22A0-D74D-4E50-A896-B2070CA8D67D}.Debug|iPhoneSimulator.Deploy.0 = Debug|Any CPU
		{F86E22A0-D74D-4E50-A896-B2070CA8D67D}.Debug|x64.ActiveCfg = Debug|Any CPU
		{F86E22A0-D74D-4E50-A896-B2070CA8D67D}.Debug|x64.Build.0 = Debug|Any CPU
		{F86E22A0-D74D-4E50-A896-B2070CA8D67D}.Debug|x64.Deploy.0 = Debug|Any CPU
		{F86E22A0-D74D-4E50-A896-B2070CA8D67D}.Debug|x86.ActiveCfg = Debug|Any CPU
		{F86E22A0-D74D-4E50-A896-B2070CA8D67D}.Debug|x86.Build.0 = Debug|Any CPU
		{F86E22A0-D74D-4E50-A896-B2070CA8D67D}.Debug|x86.Deploy.0 = Debug|Any CPU
		{F86E22A0-D74D-4E50-A896-B2070CA8D67D}.Release|Any CPU.ActiveCfg = Release|Any CPU
		{F86E22A0-D74D-4E50-A896-B2070CA8D67D}.Release|Any CPU.Build.0 = Release|Any CPU
		{F86E22A0-D74D-4E50-A896-B2070CA8D67D}.Release|Any CPU.Deploy.0 = Release|Any CPU
		{F86E22A0-D74D-4E50-A896-B2070CA8D67D}.Release|ARM.ActiveCfg = Release|Any CPU
		{F86E22A0-D74D-4E50-A896-B2070CA8D67D}.Release|ARM.Build.0 = Release|Any CPU
		{F86E22A0-D74D-4E50-A896-B2070CA8D67D}.Release|ARM.Deploy.0 = Release|Any CPU
		{F86E22A0-D74D-4E50-A896-B2070CA8D67D}.Release|iPhone.ActiveCfg = Release|Any CPU
		{F86E22A0-D74D-4E50-A896-B2070CA8D67D}.Release|iPhone.Build.0 = Release|Any CPU
		{F86E22A0-D74D-4E50-A896-B2070CA8D67D}.Release|iPhone.Deploy.0 = Release|Any CPU
		{F86E22A0-D74D-4E50-A896-B2070CA8D67D}.Release|iPhoneSimulator.ActiveCfg = Release|Any CPU
		{F86E22A0-D74D-4E50-A896-B2070CA8D67D}.Release|iPhoneSimulator.Build.0 = Release|Any CPU
		{F86E22A0-D74D-4E50-A896-B2070CA8D67D}.Release|iPhoneSimulator.Deploy.0 = Release|Any CPU
		{F86E22A0-D74D-4E50-A896-B2070CA8D67D}.Release|x64.ActiveCfg = Release|Any CPU
		{F86E22A0-D74D-4E50-A896-B2070CA8D67D}.Release|x64.Build.0 = Release|Any CPU
		{F86E22A0-D74D-4E50-A896-B2070CA8D67D}.Release|x64.Deploy.0 = Release|Any CPU
		{F86E22A0-D74D-4E50-A896-B2070CA8D67D}.Release|x86.ActiveCfg = Release|Any CPU
		{F86E22A0-D74D-4E50-A896-B2070CA8D67D}.Release|x86.Build.0 = Release|Any CPU
		{F86E22A0-D74D-4E50-A896-B2070CA8D67D}.Release|x86.Deploy.0 = Release|Any CPU
		{989A7DE7-9843-4F9B-9E91-5E01D299B4AE}.Ad-Hoc|Any CPU.ActiveCfg = Release|iPhone
		{989A7DE7-9843-4F9B-9E91-5E01D299B4AE}.Ad-Hoc|Any CPU.Build.0 = Release|iPhone
		{989A7DE7-9843-4F9B-9E91-5E01D299B4AE}.Ad-Hoc|ARM.ActiveCfg = Release|iPhone
		{989A7DE7-9843-4F9B-9E91-5E01D299B4AE}.Ad-Hoc|ARM.Build.0 = Release|iPhone
		{989A7DE7-9843-4F9B-9E91-5E01D299B4AE}.Ad-Hoc|iPhone.ActiveCfg = Release|iPhone
		{989A7DE7-9843-4F9B-9E91-5E01D299B4AE}.Ad-Hoc|iPhone.Build.0 = Release|iPhone
		{989A7DE7-9843-4F9B-9E91-5E01D299B4AE}.Ad-Hoc|iPhoneSimulator.ActiveCfg = Release|iPhoneSimulator
		{989A7DE7-9843-4F9B-9E91-5E01D299B4AE}.Ad-Hoc|iPhoneSimulator.Build.0 = Release|iPhoneSimulator
		{989A7DE7-9843-4F9B-9E91-5E01D299B4AE}.Ad-Hoc|x64.ActiveCfg = Release|iPhone
		{989A7DE7-9843-4F9B-9E91-5E01D299B4AE}.Ad-Hoc|x64.Build.0 = Release|iPhone
		{989A7DE7-9843-4F9B-9E91-5E01D299B4AE}.Ad-Hoc|x86.ActiveCfg = Release|iPhone
		{989A7DE7-9843-4F9B-9E91-5E01D299B4AE}.Ad-Hoc|x86.Build.0 = Release|iPhone
		{989A7DE7-9843-4F9B-9E91-5E01D299B4AE}.AppStore|Any CPU.ActiveCfg = Release|iPhone
		{989A7DE7-9843-4F9B-9E91-5E01D299B4AE}.AppStore|Any CPU.Build.0 = Release|iPhone
		{989A7DE7-9843-4F9B-9E91-5E01D299B4AE}.AppStore|ARM.ActiveCfg = Release|iPhone
		{989A7DE7-9843-4F9B-9E91-5E01D299B4AE}.AppStore|ARM.Build.0 = Release|iPhone
		{989A7DE7-9843-4F9B-9E91-5E01D299B4AE}.AppStore|iPhone.ActiveCfg = Release|iPhone
		{989A7DE7-9843-4F9B-9E91-5E01D299B4AE}.AppStore|iPhone.Build.0 = Release|iPhone
		{989A7DE7-9843-4F9B-9E91-5E01D299B4AE}.AppStore|iPhoneSimulator.ActiveCfg = Release|iPhoneSimulator
		{989A7DE7-9843-4F9B-9E91-5E01D299B4AE}.AppStore|iPhoneSimulator.Build.0 = Release|iPhoneSimulator
		{989A7DE7-9843-4F9B-9E91-5E01D299B4AE}.AppStore|x64.ActiveCfg = Release|iPhone
		{989A7DE7-9843-4F9B-9E91-5E01D299B4AE}.AppStore|x64.Build.0 = Release|iPhone
		{989A7DE7-9843-4F9B-9E91-5E01D299B4AE}.AppStore|x86.ActiveCfg = Release|iPhone
		{989A7DE7-9843-4F9B-9E91-5E01D299B4AE}.AppStore|x86.Build.0 = Release|iPhone
		{989A7DE7-9843-4F9B-9E91-5E01D299B4AE}.Debug|Any CPU.ActiveCfg = Debug|iPhone
		{989A7DE7-9843-4F9B-9E91-5E01D299B4AE}.Debug|ARM.ActiveCfg = Debug|iPhone
		{989A7DE7-9843-4F9B-9E91-5E01D299B4AE}.Debug|iPhone.ActiveCfg = Debug|iPhone
		{989A7DE7-9843-4F9B-9E91-5E01D299B4AE}.Debug|iPhone.Build.0 = Debug|iPhone
		{989A7DE7-9843-4F9B-9E91-5E01D299B4AE}.Debug|iPhoneSimulator.ActiveCfg = Debug|iPhoneSimulator
		{989A7DE7-9843-4F9B-9E91-5E01D299B4AE}.Debug|iPhoneSimulator.Build.0 = Debug|iPhoneSimulator
		{989A7DE7-9843-4F9B-9E91-5E01D299B4AE}.Debug|x64.ActiveCfg = Debug|iPhone
		{989A7DE7-9843-4F9B-9E91-5E01D299B4AE}.Debug|x86.ActiveCfg = Debug|iPhone
		{989A7DE7-9843-4F9B-9E91-5E01D299B4AE}.Release|Any CPU.ActiveCfg = Release|iPhone
		{989A7DE7-9843-4F9B-9E91-5E01D299B4AE}.Release|ARM.ActiveCfg = Release|iPhone
		{989A7DE7-9843-4F9B-9E91-5E01D299B4AE}.Release|iPhone.ActiveCfg = Release|iPhone
		{989A7DE7-9843-4F9B-9E91-5E01D299B4AE}.Release|iPhone.Build.0 = Release|iPhone
		{989A7DE7-9843-4F9B-9E91-5E01D299B4AE}.Release|iPhoneSimulator.ActiveCfg = Release|iPhoneSimulator
		{989A7DE7-9843-4F9B-9E91-5E01D299B4AE}.Release|iPhoneSimulator.Build.0 = Release|iPhoneSimulator
		{989A7DE7-9843-4F9B-9E91-5E01D299B4AE}.Release|x64.ActiveCfg = Release|iPhone
		{989A7DE7-9843-4F9B-9E91-5E01D299B4AE}.Release|x86.ActiveCfg = Release|iPhone
		{E8A13511-7F28-43A9-B8AF-35327E254989}.Ad-Hoc|Any CPU.ActiveCfg = Release|x86
		{E8A13511-7F28-43A9-B8AF-35327E254989}.Ad-Hoc|Any CPU.Build.0 = Release|x86
		{E8A13511-7F28-43A9-B8AF-35327E254989}.Ad-Hoc|Any CPU.Deploy.0 = Release|x86
		{E8A13511-7F28-43A9-B8AF-35327E254989}.Ad-Hoc|ARM.ActiveCfg = Release|ARM
		{E8A13511-7F28-43A9-B8AF-35327E254989}.Ad-Hoc|ARM.Build.0 = Release|ARM
		{E8A13511-7F28-43A9-B8AF-35327E254989}.Ad-Hoc|ARM.Deploy.0 = Release|ARM
		{E8A13511-7F28-43A9-B8AF-35327E254989}.Ad-Hoc|iPhone.ActiveCfg = Release|x86
		{E8A13511-7F28-43A9-B8AF-35327E254989}.Ad-Hoc|iPhone.Build.0 = Release|x86
		{E8A13511-7F28-43A9-B8AF-35327E254989}.Ad-Hoc|iPhone.Deploy.0 = Release|x86
		{E8A13511-7F28-43A9-B8AF-35327E254989}.Ad-Hoc|iPhoneSimulator.ActiveCfg = Release|x86
		{E8A13511-7F28-43A9-B8AF-35327E254989}.Ad-Hoc|iPhoneSimulator.Build.0 = Release|x86
		{E8A13511-7F28-43A9-B8AF-35327E254989}.Ad-Hoc|iPhoneSimulator.Deploy.0 = Release|x86
		{E8A13511-7F28-43A9-B8AF-35327E254989}.Ad-Hoc|x64.ActiveCfg = Release|x64
		{E8A13511-7F28-43A9-B8AF-35327E254989}.Ad-Hoc|x64.Build.0 = Release|x64
		{E8A13511-7F28-43A9-B8AF-35327E254989}.Ad-Hoc|x64.Deploy.0 = Release|x64
		{E8A13511-7F28-43A9-B8AF-35327E254989}.Ad-Hoc|x86.ActiveCfg = Release|x86
		{E8A13511-7F28-43A9-B8AF-35327E254989}.Ad-Hoc|x86.Build.0 = Release|x86
		{E8A13511-7F28-43A9-B8AF-35327E254989}.Ad-Hoc|x86.Deploy.0 = Release|x86
		{E8A13511-7F28-43A9-B8AF-35327E254989}.AppStore|Any CPU.ActiveCfg = Release|x86
		{E8A13511-7F28-43A9-B8AF-35327E254989}.AppStore|Any CPU.Build.0 = Release|x86
		{E8A13511-7F28-43A9-B8AF-35327E254989}.AppStore|Any CPU.Deploy.0 = Release|x86
		{E8A13511-7F28-43A9-B8AF-35327E254989}.AppStore|ARM.ActiveCfg = Release|ARM
		{E8A13511-7F28-43A9-B8AF-35327E254989}.AppStore|ARM.Build.0 = Release|ARM
		{E8A13511-7F28-43A9-B8AF-35327E254989}.AppStore|ARM.Deploy.0 = Release|ARM
		{E8A13511-7F28-43A9-B8AF-35327E254989}.AppStore|iPhone.ActiveCfg = Release|x86
		{E8A13511-7F28-43A9-B8AF-35327E254989}.AppStore|iPhone.Build.0 = Release|x86
		{E8A13511-7F28-43A9-B8AF-35327E254989}.AppStore|iPhone.Deploy.0 = Release|x86
		{E8A13511-7F28-43A9-B8AF-35327E254989}.AppStore|iPhoneSimulator.ActiveCfg = Release|x86
		{E8A13511-7F28-43A9-B8AF-35327E254989}.AppStore|iPhoneSimulator.Build.0 = Release|x86
		{E8A13511-7F28-43A9-B8AF-35327E254989}.AppStore|iPhoneSimulator.Deploy.0 = Release|x86
		{E8A13511-7F28-43A9-B8AF-35327E254989}.AppStore|x64.ActiveCfg = Release|x64
		{E8A13511-7F28-43A9-B8AF-35327E254989}.AppStore|x64.Build.0 = Release|x64
		{E8A13511-7F28-43A9-B8AF-35327E254989}.AppStore|x64.Deploy.0 = Release|x64
		{E8A13511-7F28-43A9-B8AF-35327E254989}.AppStore|x86.ActiveCfg = Release|x86
		{E8A13511-7F28-43A9-B8AF-35327E254989}.AppStore|x86.Build.0 = Release|x86
		{E8A13511-7F28-43A9-B8AF-35327E254989}.AppStore|x86.Deploy.0 = Release|x86
		{E8A13511-7F28-43A9-B8AF-35327E254989}.Debug|Any CPU.ActiveCfg = Debug|x86
		{E8A13511-7F28-43A9-B8AF-35327E254989}.Debug|ARM.ActiveCfg = Debug|ARM
		{E8A13511-7F28-43A9-B8AF-35327E254989}.Debug|ARM.Build.0 = Debug|ARM
		{E8A13511-7F28-43A9-B8AF-35327E254989}.Debug|ARM.Deploy.0 = Debug|ARM
		{E8A13511-7F28-43A9-B8AF-35327E254989}.Debug|iPhone.ActiveCfg = Debug|x86
		{E8A13511-7F28-43A9-B8AF-35327E254989}.Debug|iPhoneSimulator.ActiveCfg = Debug|x86
		{E8A13511-7F28-43A9-B8AF-35327E254989}.Debug|x64.ActiveCfg = Debug|x64
		{E8A13511-7F28-43A9-B8AF-35327E254989}.Debug|x64.Build.0 = Debug|x64
		{E8A13511-7F28-43A9-B8AF-35327E254989}.Debug|x64.Deploy.0 = Debug|x64
		{E8A13511-7F28-43A9-B8AF-35327E254989}.Debug|x86.ActiveCfg = Debug|x86
		{E8A13511-7F28-43A9-B8AF-35327E254989}.Debug|x86.Build.0 = Debug|x86
		{E8A13511-7F28-43A9-B8AF-35327E254989}.Debug|x86.Deploy.0 = Debug|x86
		{E8A13511-7F28-43A9-B8AF-35327E254989}.Release|Any CPU.ActiveCfg = Release|x86
		{E8A13511-7F28-43A9-B8AF-35327E254989}.Release|ARM.ActiveCfg = Release|ARM
		{E8A13511-7F28-43A9-B8AF-35327E254989}.Release|ARM.Build.0 = Release|ARM
		{E8A13511-7F28-43A9-B8AF-35327E254989}.Release|ARM.Deploy.0 = Release|ARM
		{E8A13511-7F28-43A9-B8AF-35327E254989}.Release|iPhone.ActiveCfg = Release|x86
		{E8A13511-7F28-43A9-B8AF-35327E254989}.Release|iPhoneSimulator.ActiveCfg = Release|x86
		{E8A13511-7F28-43A9-B8AF-35327E254989}.Release|x64.ActiveCfg = Release|x64
		{E8A13511-7F28-43A9-B8AF-35327E254989}.Release|x64.Build.0 = Release|x64
		{E8A13511-7F28-43A9-B8AF-35327E254989}.Release|x64.Deploy.0 = Release|x64
		{E8A13511-7F28-43A9-B8AF-35327E254989}.Release|x86.ActiveCfg = Release|x86
		{E8A13511-7F28-43A9-B8AF-35327E254989}.Release|x86.Build.0 = Release|x86
		{E8A13511-7F28-43A9-B8AF-35327E254989}.Release|x86.Deploy.0 = Release|x86
		{8A2D1404-1F2E-49F0-84DE-948493EA8EAB}.Ad-Hoc|Any CPU.ActiveCfg = Debug|Any CPU
		{8A2D1404-1F2E-49F0-84DE-948493EA8EAB}.Ad-Hoc|Any CPU.Build.0 = Debug|Any CPU
		{8A2D1404-1F2E-49F0-84DE-948493EA8EAB}.Ad-Hoc|ARM.ActiveCfg = Debug|Any CPU
		{8A2D1404-1F2E-49F0-84DE-948493EA8EAB}.Ad-Hoc|ARM.Build.0 = Debug|Any CPU
		{8A2D1404-1F2E-49F0-84DE-948493EA8EAB}.Ad-Hoc|iPhone.ActiveCfg = Debug|Any CPU
		{8A2D1404-1F2E-49F0-84DE-948493EA8EAB}.Ad-Hoc|iPhone.Build.0 = Debug|Any CPU
		{8A2D1404-1F2E-49F0-84DE-948493EA8EAB}.Ad-Hoc|iPhoneSimulator.ActiveCfg = Debug|Any CPU
		{8A2D1404-1F2E-49F0-84DE-948493EA8EAB}.Ad-Hoc|iPhoneSimulator.Build.0 = Debug|Any CPU
		{8A2D1404-1F2E-49F0-84DE-948493EA8EAB}.Ad-Hoc|x64.ActiveCfg = Debug|Any CPU
		{8A2D1404-1F2E-49F0-84DE-948493EA8EAB}.Ad-Hoc|x64.Build.0 = Debug|Any CPU
		{8A2D1404-1F2E-49F0-84DE-948493EA8EAB}.Ad-Hoc|x86.ActiveCfg = Debug|Any CPU
		{8A2D1404-1F2E-49F0-84DE-948493EA8EAB}.Ad-Hoc|x86.Build.0 = Debug|Any CPU
		{8A2D1404-1F2E-49F0-84DE-948493EA8EAB}.AppStore|Any CPU.ActiveCfg = Debug|Any CPU
		{8A2D1404-1F2E-49F0-84DE-948493EA8EAB}.AppStore|Any CPU.Build.0 = Debug|Any CPU
		{8A2D1404-1F2E-49F0-84DE-948493EA8EAB}.AppStore|ARM.ActiveCfg = Debug|Any CPU
		{8A2D1404-1F2E-49F0-84DE-948493EA8EAB}.AppStore|ARM.Build.0 = Debug|Any CPU
		{8A2D1404-1F2E-49F0-84DE-948493EA8EAB}.AppStore|iPhone.ActiveCfg = Debug|Any CPU
		{8A2D1404-1F2E-49F0-84DE-948493EA8EAB}.AppStore|iPhone.Build.0 = Debug|Any CPU
		{8A2D1404-1F2E-49F0-84DE-948493EA8EAB}.AppStore|iPhoneSimulator.ActiveCfg = Debug|Any CPU
		{8A2D1404-1F2E-49F0-84DE-948493EA8EAB}.AppStore|iPhoneSimulator.Build.0 = Debug|Any CPU
		{8A2D1404-1F2E-49F0-84DE-948493EA8EAB}.AppStore|x64.ActiveCfg = Debug|Any CPU
		{8A2D1404-1F2E-49F0-84DE-948493EA8EAB}.AppStore|x64.Build.0 = Debug|Any CPU
		{8A2D1404-1F2E-49F0-84DE-948493EA8EAB}.AppStore|x86.ActiveCfg = Debug|Any CPU
		{8A2D1404-1F2E-49F0-84DE-948493EA8EAB}.AppStore|x86.Build.0 = Debug|Any CPU
		{8A2D1404-1F2E-49F0-84DE-948493EA8EAB}.Debug|Any CPU.ActiveCfg = Debug|Any CPU
		{8A2D1404-1F2E-49F0-84DE-948493EA8EAB}.Debug|Any CPU.Build.0 = Debug|Any CPU
		{8A2D1404-1F2E-49F0-84DE-948493EA8EAB}.Debug|ARM.ActiveCfg = Debug|Any CPU
		{8A2D1404-1F2E-49F0-84DE-948493EA8EAB}.Debug|ARM.Build.0 = Debug|Any CPU
		{8A2D1404-1F2E-49F0-84DE-948493EA8EAB}.Debug|iPhone.ActiveCfg = Debug|Any CPU
		{8A2D1404-1F2E-49F0-84DE-948493EA8EAB}.Debug|iPhone.Build.0 = Debug|Any CPU
		{8A2D1404-1F2E-49F0-84DE-948493EA8EAB}.Debug|iPhoneSimulator.ActiveCfg = Debug|Any CPU
		{8A2D1404-1F2E-49F0-84DE-948493EA8EAB}.Debug|iPhoneSimulator.Build.0 = Debug|Any CPU
		{8A2D1404-1F2E-49F0-84DE-948493EA8EAB}.Debug|x64.ActiveCfg = Debug|Any CPU
		{8A2D1404-1F2E-49F0-84DE-948493EA8EAB}.Debug|x64.Build.0 = Debug|Any CPU
		{8A2D1404-1F2E-49F0-84DE-948493EA8EAB}.Debug|x86.ActiveCfg = Debug|Any CPU
		{8A2D1404-1F2E-49F0-84DE-948493EA8EAB}.Debug|x86.Build.0 = Debug|Any CPU
		{8A2D1404-1F2E-49F0-84DE-948493EA8EAB}.Release|Any CPU.ActiveCfg = Release|Any CPU
		{8A2D1404-1F2E-49F0-84DE-948493EA8EAB}.Release|Any CPU.Build.0 = Release|Any CPU
		{8A2D1404-1F2E-49F0-84DE-948493EA8EAB}.Release|ARM.ActiveCfg = Release|Any CPU
		{8A2D1404-1F2E-49F0-84DE-948493EA8EAB}.Release|ARM.Build.0 = Release|Any CPU
		{8A2D1404-1F2E-49F0-84DE-948493EA8EAB}.Release|iPhone.ActiveCfg = Release|Any CPU
		{8A2D1404-1F2E-49F0-84DE-948493EA8EAB}.Release|iPhone.Build.0 = Release|Any CPU
		{8A2D1404-1F2E-49F0-84DE-948493EA8EAB}.Release|iPhoneSimulator.ActiveCfg = Release|Any CPU
		{8A2D1404-1F2E-49F0-84DE-948493EA8EAB}.Release|iPhoneSimulator.Build.0 = Release|Any CPU
		{8A2D1404-1F2E-49F0-84DE-948493EA8EAB}.Release|x64.ActiveCfg = Release|Any CPU
		{8A2D1404-1F2E-49F0-84DE-948493EA8EAB}.Release|x64.Build.0 = Release|Any CPU
		{8A2D1404-1F2E-49F0-84DE-948493EA8EAB}.Release|x86.ActiveCfg = Release|Any CPU
		{8A2D1404-1F2E-49F0-84DE-948493EA8EAB}.Release|x86.Build.0 = Release|Any CPU
		{C6C15D26-01CC-4877-9D4F-5EE89E1FE5EC}.Ad-Hoc|Any CPU.ActiveCfg = Release|Any CPU
		{C6C15D26-01CC-4877-9D4F-5EE89E1FE5EC}.Ad-Hoc|Any CPU.Build.0 = Release|Any CPU
		{C6C15D26-01CC-4877-9D4F-5EE89E1FE5EC}.Ad-Hoc|ARM.ActiveCfg = Release|Any CPU
		{C6C15D26-01CC-4877-9D4F-5EE89E1FE5EC}.Ad-Hoc|ARM.Build.0 = Release|Any CPU
		{C6C15D26-01CC-4877-9D4F-5EE89E1FE5EC}.Ad-Hoc|iPhone.ActiveCfg = Release|Any CPU
		{C6C15D26-01CC-4877-9D4F-5EE89E1FE5EC}.Ad-Hoc|iPhone.Build.0 = Release|Any CPU
		{C6C15D26-01CC-4877-9D4F-5EE89E1FE5EC}.Ad-Hoc|iPhoneSimulator.ActiveCfg = Release|Any CPU
		{C6C15D26-01CC-4877-9D4F-5EE89E1FE5EC}.Ad-Hoc|iPhoneSimulator.Build.0 = Release|Any CPU
		{C6C15D26-01CC-4877-9D4F-5EE89E1FE5EC}.Ad-Hoc|x64.ActiveCfg = Release|Any CPU
		{C6C15D26-01CC-4877-9D4F-5EE89E1FE5EC}.Ad-Hoc|x64.Build.0 = Release|Any CPU
		{C6C15D26-01CC-4877-9D4F-5EE89E1FE5EC}.Ad-Hoc|x86.ActiveCfg = Release|Any CPU
		{C6C15D26-01CC-4877-9D4F-5EE89E1FE5EC}.Ad-Hoc|x86.Build.0 = Release|Any CPU
		{C6C15D26-01CC-4877-9D4F-5EE89E1FE5EC}.AppStore|Any CPU.ActiveCfg = Release|Any CPU
		{C6C15D26-01CC-4877-9D4F-5EE89E1FE5EC}.AppStore|Any CPU.Build.0 = Release|Any CPU
		{C6C15D26-01CC-4877-9D4F-5EE89E1FE5EC}.AppStore|ARM.ActiveCfg = Release|Any CPU
		{C6C15D26-01CC-4877-9D4F-5EE89E1FE5EC}.AppStore|ARM.Build.0 = Release|Any CPU
		{C6C15D26-01CC-4877-9D4F-5EE89E1FE5EC}.AppStore|iPhone.ActiveCfg = Release|Any CPU
		{C6C15D26-01CC-4877-9D4F-5EE89E1FE5EC}.AppStore|iPhone.Build.0 = Release|Any CPU
		{C6C15D26-01CC-4877-9D4F-5EE89E1FE5EC}.AppStore|iPhoneSimulator.ActiveCfg = Release|Any CPU
		{C6C15D26-01CC-4877-9D4F-5EE89E1FE5EC}.AppStore|iPhoneSimulator.Build.0 = Release|Any CPU
		{C6C15D26-01CC-4877-9D4F-5EE89E1FE5EC}.AppStore|x64.ActiveCfg = Release|Any CPU
		{C6C15D26-01CC-4877-9D4F-5EE89E1FE5EC}.AppStore|x64.Build.0 = Release|Any CPU
		{C6C15D26-01CC-4877-9D4F-5EE89E1FE5EC}.AppStore|x86.ActiveCfg = Release|Any CPU
		{C6C15D26-01CC-4877-9D4F-5EE89E1FE5EC}.AppStore|x86.Build.0 = Release|Any CPU
		{C6C15D26-01CC-4877-9D4F-5EE89E1FE5EC}.Debug|Any CPU.ActiveCfg = Debug|Any CPU
		{C6C15D26-01CC-4877-9D4F-5EE89E1FE5EC}.Debug|Any CPU.Build.0 = Debug|Any CPU
		{C6C15D26-01CC-4877-9D4F-5EE89E1FE5EC}.Debug|ARM.ActiveCfg = Debug|Any CPU
		{C6C15D26-01CC-4877-9D4F-5EE89E1FE5EC}.Debug|ARM.Build.0 = Debug|Any CPU
		{C6C15D26-01CC-4877-9D4F-5EE89E1FE5EC}.Debug|iPhone.ActiveCfg = Debug|Any CPU
		{C6C15D26-01CC-4877-9D4F-5EE89E1FE5EC}.Debug|iPhone.Build.0 = Debug|Any CPU
		{C6C15D26-01CC-4877-9D4F-5EE89E1FE5EC}.Debug|iPhoneSimulator.ActiveCfg = Debug|Any CPU
		{C6C15D26-01CC-4877-9D4F-5EE89E1FE5EC}.Debug|iPhoneSimulator.Build.0 = Debug|Any CPU
		{C6C15D26-01CC-4877-9D4F-5EE89E1FE5EC}.Debug|x64.ActiveCfg = Debug|Any CPU
		{C6C15D26-01CC-4877-9D4F-5EE89E1FE5EC}.Debug|x64.Build.0 = Debug|Any CPU
		{C6C15D26-01CC-4877-9D4F-5EE89E1FE5EC}.Debug|x86.ActiveCfg = Debug|Any CPU
		{C6C15D26-01CC-4877-9D4F-5EE89E1FE5EC}.Debug|x86.Build.0 = Debug|Any CPU
		{C6C15D26-01CC-4877-9D4F-5EE89E1FE5EC}.Release|Any CPU.ActiveCfg = Release|Any CPU
		{C6C15D26-01CC-4877-9D4F-5EE89E1FE5EC}.Release|Any CPU.Build.0 = Release|Any CPU
		{C6C15D26-01CC-4877-9D4F-5EE89E1FE5EC}.Release|ARM.ActiveCfg = Release|Any CPU
		{C6C15D26-01CC-4877-9D4F-5EE89E1FE5EC}.Release|ARM.Build.0 = Release|Any CPU
		{C6C15D26-01CC-4877-9D4F-5EE89E1FE5EC}.Release|iPhone.ActiveCfg = Release|Any CPU
		{C6C15D26-01CC-4877-9D4F-5EE89E1FE5EC}.Release|iPhone.Build.0 = Release|Any CPU
		{C6C15D26-01CC-4877-9D4F-5EE89E1FE5EC}.Release|iPhoneSimulator.ActiveCfg = Release|Any CPU
		{C6C15D26-01CC-4877-9D4F-5EE89E1FE5EC}.Release|iPhoneSimulator.Build.0 = Release|Any CPU
		{C6C15D26-01CC-4877-9D4F-5EE89E1FE5EC}.Release|x64.ActiveCfg = Release|Any CPU
		{C6C15D26-01CC-4877-9D4F-5EE89E1FE5EC}.Release|x64.Build.0 = Release|Any CPU
		{C6C15D26-01CC-4877-9D4F-5EE89E1FE5EC}.Release|x86.ActiveCfg = Release|Any CPU
		{C6C15D26-01CC-4877-9D4F-5EE89E1FE5EC}.Release|x86.Build.0 = Release|Any CPU
	EndGlobalSection
	GlobalSection(SolutionProperties) = preSolution
		HideSolutionNode = FALSE
	EndGlobalSection
	GlobalSection(ExtensibilityGlobals) = postSolution
		SolutionGuid = {DCFD1742-26F5-476F-9109-631E13AF9A07}
	EndGlobalSection
EndGlobal
