
Microsoft Visual Studio Solution File, Format Version 12.00
# Visual Studio Version 17
VisualStudioVersion = 17.0.31825.309
MinimumVisualStudioVersion = 10.0.40219.1
Project("{9A19103F-16F7-4668-BE54-9A1E7A4F7556}") = "JukaUnitTest", "JukaUnitTest\JukaUnitTest.csproj", "{340210D3-8339-4AB0-861E-F9E3493CCB80}"
EndProject
Project("{9A19103F-16F7-4668-BE54-9A1E7A4F7556}") = "JukaCompiler", "JukaCompiler\JukaCompiler.csproj", "{C6C15D26-01CC-4877-9D4F-5EE89E1FE5EC}"
EndProject
Project("{9A19103F-16F7-4668-BE54-9A1E7A4F7556}") = "JukaAzureFunction", "JukaAzureFunction\JukaAzureFunction.csproj", "{DAB71815-AEF6-49B9-AC33-C25B998DB7C3}"
	ProjectSection(ProjectDependencies) = postProject
		{C6C15D26-01CC-4877-9D4F-5EE89E1FE5EC} = {C6C15D26-01CC-4877-9D4F-5EE89E1FE5EC}
	EndProjectSection
EndProject
Project("{2150E333-8FDC-42A3-9474-1A3956D46DE8}") = "Solution Items", "Solution Items", "{4A72583D-50EC-4A72-87E0-3DEA91EAE1FE}"
	ProjectSection(SolutionItems) = preProject
		..\examples\scanner.jlr = ..\examples\scanner.jlr
		..\examples\test.jlr = ..\examples\test.jlr
		..\examples\test2.jlr = ..\examples\test2.jlr
	EndProjectSection
EndProject
Global
	GlobalSection(SolutionConfigurationPlatforms) = preSolution
		Debug|Any CPU = Debug|Any CPU
		Debug|x64 = Debug|x64
		Release|Any CPU = Release|Any CPU
		Release|x64 = Release|x64
	EndGlobalSection
	GlobalSection(ProjectConfigurationPlatforms) = postSolution
		{340210D3-8339-4AB0-861E-F9E3493CCB80}.Debug|Any CPU.ActiveCfg = Debug|Any CPU
		{340210D3-8339-4AB0-861E-F9E3493CCB80}.Debug|Any CPU.Build.0 = Debug|Any CPU
		{340210D3-8339-4AB0-861E-F9E3493CCB80}.Debug|x64.ActiveCfg = Debug|Any CPU
		{340210D3-8339-4AB0-861E-F9E3493CCB80}.Debug|x64.Build.0 = Debug|Any CPU
		{340210D3-8339-4AB0-861E-F9E3493CCB80}.Release|Any CPU.ActiveCfg = Release|Any CPU
		{340210D3-8339-4AB0-861E-F9E3493CCB80}.Release|Any CPU.Build.0 = Release|Any CPU
		{340210D3-8339-4AB0-861E-F9E3493CCB80}.Release|x64.ActiveCfg = Release|Any CPU
		{340210D3-8339-4AB0-861E-F9E3493CCB80}.Release|x64.Build.0 = Release|Any CPU
		{C6C15D26-01CC-4877-9D4F-5EE89E1FE5EC}.Debug|Any CPU.ActiveCfg = Debug|Any CPU
		{C6C15D26-01CC-4877-9D4F-5EE89E1FE5EC}.Debug|Any CPU.Build.0 = Debug|Any CPU
		{C6C15D26-01CC-4877-9D4F-5EE89E1FE5EC}.Debug|x64.ActiveCfg = Debug|Any CPU
		{C6C15D26-01CC-4877-9D4F-5EE89E1FE5EC}.Debug|x64.Build.0 = Debug|Any CPU
		{C6C15D26-01CC-4877-9D4F-5EE89E1FE5EC}.Release|Any CPU.ActiveCfg = Release|Any CPU
		{C6C15D26-01CC-4877-9D4F-5EE89E1FE5EC}.Release|Any CPU.Build.0 = Release|Any CPU
		{C6C15D26-01CC-4877-9D4F-5EE89E1FE5EC}.Release|x64.ActiveCfg = Release|Any CPU
		{C6C15D26-01CC-4877-9D4F-5EE89E1FE5EC}.Release|x64.Build.0 = Release|Any CPU
		{DAB71815-AEF6-49B9-AC33-C25B998DB7C3}.Debug|Any CPU.ActiveCfg = Debug|Any CPU
		{DAB71815-AEF6-49B9-AC33-C25B998DB7C3}.Debug|Any CPU.Build.0 = Debug|Any CPU
		{DAB71815-AEF6-49B9-AC33-C25B998DB7C3}.Debug|x64.ActiveCfg = Debug|Any CPU
		{DAB71815-AEF6-49B9-AC33-C25B998DB7C3}.Debug|x64.Build.0 = Debug|Any CPU
		{DAB71815-AEF6-49B9-AC33-C25B998DB7C3}.Release|Any CPU.ActiveCfg = Release|Any CPU
		{DAB71815-AEF6-49B9-AC33-C25B998DB7C3}.Release|Any CPU.Build.0 = Release|Any CPU
		{DAB71815-AEF6-49B9-AC33-C25B998DB7C3}.Release|x64.ActiveCfg = Release|Any CPU
		{DAB71815-AEF6-49B9-AC33-C25B998DB7C3}.Release|x64.Build.0 = Release|Any CPU
	EndGlobalSection
	GlobalSection(SolutionProperties) = preSolution
		HideSolutionNode = FALSE
	EndGlobalSection
	GlobalSection(ExtensibilityGlobals) = postSolution
		SolutionGuid = {7FB136E0-7088-436F-ADA4-DB6B543FAEC7}
	EndGlobalSection
EndGlobal
